// !$*UTF8*$!
{
	archiveVersion = 1;
	classes = {
	};
	objectVersion = 45;
	objects = {

/* Begin PBXBuildFile section */
		1DDD58160DA1D0A300B32029 /* MainMenu.xib in Resources */ = {isa = PBXBuildFile; fileRef = 1DDD58140DA1D0A300B32029 /* MainMenu.xib */; };
		6A01A211116F8E4400D3AE22 /* State Icon Pause.png in Resources */ = {isa = PBXBuildFile; fileRef = 6A01A20E116F8E4400D3AE22 /* State Icon Pause.png */; };
		6A01A212116F8E4400D3AE22 /* State Icon Play.png in Resources */ = {isa = PBXBuildFile; fileRef = 6A01A20F116F8E4400D3AE22 /* State Icon Play.png */; };
		6A01A213116F8E4400D3AE22 /* State Icon Stop.png in Resources */ = {isa = PBXBuildFile; fileRef = 6A01A210116F8E4400D3AE22 /* State Icon Stop.png */; };
		6A02B4421141456200FB22CE /* iTetLevelUpdateMessage.m in Sources */ = {isa = PBXBuildFile; fileRef = 6A02B4411141456200FB22CE /* iTetLevelUpdateMessage.m */; };
		6A02B47211414B2D00FB22CE /* iTetSpecialMessage.m in Sources */ = {isa = PBXBuildFile; fileRef = 6A02B47111414B2D00FB22CE /* iTetSpecialMessage.m */; };
		6A05EE1010B5A94D0002F86E /* iTetKeyActions.m in Sources */ = {isa = PBXBuildFile; fileRef = 6A05EE0F10B5A94D0002F86E /* iTetKeyActions.m */; };
		6A09E3A41148799D0063F2A1 /* iTetPlayerWonMessage.m in Sources */ = {isa = PBXBuildFile; fileRef = 6A09E3A31148799D0063F2A1 /* iTetPlayerWonMessage.m */; };
		6A09E3B3114889360063F2A1 /* iTetPlineActionMessage.m in Sources */ = {isa = PBXBuildFile; fileRef = 6A09E3B2114889360063F2A1 /* iTetPlineActionMessage.m */; };
		6A09E3CD114899660063F2A1 /* iTetMessage+ClassFactory.m in Sources */ = {isa = PBXBuildFile; fileRef = 6A09E3CC114899660063F2A1 /* iTetMessage+ClassFactory.m */; };
		6A0B2EA71124B2890065BFA0 /* iTetWinlistEntryTypeImageTransformer.m in Sources */ = {isa = PBXBuildFile; fileRef = 6A0B2EA61124B2890065BFA0 /* iTetWinlistEntryTypeImageTransformer.m */; };
		6A1042D8116C47AF007438B9 /* iTetServerPlayer.m in Sources */ = {isa = PBXBuildFile; fileRef = 6A1042D7116C47AF007438B9 /* iTetServerPlayer.m */; };
		6A12A26710E4A03400EA67B7 /* gtetblocks.png in Resources */ = {isa = PBXBuildFile; fileRef = 6A12A26410E4A03400EA67B7 /* gtetblocks.png */; };
		6A12A26810E4A03400EA67B7 /* gTetrinetTheme.cfg in Resources */ = {isa = PBXBuildFile; fileRef = 6A12A26510E4A03400EA67B7 /* gTetrinetTheme.cfg */; };
		6A12A26910E4A03400EA67B7 /* iTetBlocks.png in Resources */ = {isa = PBXBuildFile; fileRef = 6A12A26610E4A03400EA67B7 /* iTetBlocks.png */; };
		6A1851A710E7394000A29E0F /* iTetBlocks_White.png in Resources */ = {isa = PBXBuildFile; fileRef = 6A1851A510E7394000A29E0F /* iTetBlocks_White.png */; };
		6A1851A810E7394000A29E0F /* theme_white.cfg in Resources */ = {isa = PBXBuildFile; fileRef = 6A1851A610E7394000A29E0F /* theme_white.cfg */; };
		6A268692114F0EC5007B1420 /* AsyncSocket.m in Sources */ = {isa = PBXBuildFile; fileRef = 6A268691114F0EC5007B1420 /* AsyncSocket.m */; };
		6A2687D4114F131A007B1420 /* iTetPlayersController.m in Sources */ = {isa = PBXBuildFile; fileRef = 6A2687D3114F131A007B1420 /* iTetPlayersController.m */; };
		6A2687D8114F152D007B1420 /* CoreServices.framework in Frameworks */ = {isa = PBXBuildFile; fileRef = 6A2687D7114F152D007B1420 /* CoreServices.framework */; };
		6A2922AE100BE5CF0008A3C3 /* iTetPreferencesController.m in Sources */ = {isa = PBXBuildFile; fileRef = 6A2922AD100BE5CF0008A3C3 /* iTetPreferencesController.m */; };
		6A29233D100BED350008A3C3 /* iTetNextBlockView.m in Sources */ = {isa = PBXBuildFile; fileRef = 6A29233C100BED350008A3C3 /* iTetNextBlockView.m */; };
		6A2923CF100BFB7A0008A3C3 /* iTetThemedView.m in Sources */ = {isa = PBXBuildFile; fileRef = 6A2923CE100BFB7A0008A3C3 /* iTetThemedView.m */; };
		6A29DC8410BB44040054D353 /* iTetPreferencesViewController.m in Sources */ = {isa = PBXBuildFile; fileRef = 6A29DC8310BB44040054D353 /* iTetPreferencesViewController.m */; };
		6A387E33113F4D0C0074A5F6 /* NSData+Subdata.m in Sources */ = {isa = PBXBuildFile; fileRef = 6A387E32113F4D0C0074A5F6 /* NSData+Subdata.m */; };
		6A39FB0F111FB346000373E2 /* iTetTextAttributesController.m in Sources */ = {isa = PBXBuildFile; fileRef = 6A39FB0E111FB346000373E2 /* iTetTextAttributesController.m */; };
		6A3ACC4810B7C49500459D97 /* NSImage+KeyImageCache.m in Sources */ = {isa = PBXBuildFile; fileRef = 6A3ACC4710B7C49500459D97 /* NSImage+KeyImageCache.m */; };
		6A3ACC5510B7C85A00459D97 /* IPSCacheDictionary.m in Sources */ = {isa = PBXBuildFile; fileRef = 6A3ACC5410B7C85A00459D97 /* IPSCacheDictionary.m */; };
		6A3DD0EB116E3A400047B881 /* iTetChannelsViewController.m in Sources */ = {isa = PBXBuildFile; fileRef = 6A3DD0EA116E3A400047B881 /* iTetChannelsViewController.m */; };
		6A4A3760101BB3E000F27DE9 /* iTetChatViewController.m in Sources */ = {isa = PBXBuildFile; fileRef = 6A4A375F101BB3E000F27DE9 /* iTetChatViewController.m */; };
		6A4D9157111269700052BC28 /* iTetLocalPlayer.m in Sources */ = {isa = PBXBuildFile; fileRef = 6A4D9156111269700052BC28 /* iTetLocalPlayer.m */; };
		6A5F2688111CC9AC00DD63DA /* Minus Red Button.png in Resources */ = {isa = PBXBuildFile; fileRef = 6A5F2687111CC9AC00DD63DA /* Minus Red Button.png */; };
		6A612AFB11721BF3008B9EE2 /* iTetJoinChannelMessage.m in Sources */ = {isa = PBXBuildFile; fileRef = 6A612AFA11721BF3008B9EE2 /* iTetJoinChannelMessage.m */; };
		6A6957EA1121214C00B01FB6 /* NSColor+Comparisons.m in Sources */ = {isa = PBXBuildFile; fileRef = 6A6957E91121214C00B01FB6 /* NSColor+Comparisons.m */; };
		6A739808106AB12600F51BF5 /* iTetGameRules.m in Sources */ = {isa = PBXBuildFile; fileRef = 6A739807106AB12600F51BF5 /* iTetGameRules.m */; };
		6A772C4C1020014200AAA2B8 /* iTetThemesArrayController.m in Sources */ = {isa = PBXBuildFile; fileRef = 6A772C4B1020014200AAA2B8 /* iTetThemesArrayController.m */; };
		6A7997E8114074D8005C3093 /* iTetNewGameMessage.m in Sources */ = {isa = PBXBuildFile; fileRef = 6A7997E7114074D8005C3093 /* iTetNewGameMessage.m */; };
		6A7997F91140C9A7005C3093 /* iTetInGameMessage.m in Sources */ = {isa = PBXBuildFile; fileRef = 6A7997F81140C9A7005C3093 /* iTetInGameMessage.m */; };
		6A7998001140CB38005C3093 /* iTetFieldstringMessage.m in Sources */ = {isa = PBXBuildFile; fileRef = 6A7997FF1140CB38005C3093 /* iTetFieldstringMessage.m */; };
		6A7DC210115047080068584D /* iTetWindowController.m in Sources */ = {isa = PBXBuildFile; fileRef = 6A7DC20F115047080068584D /* iTetWindowController.m */; };
		6A8EEEE1115439020050339E /* Credits.rtf in Resources */ = {isa = PBXBuildFile; fileRef = 6A8EEEDF115439020050339E /* Credits.rtf */; };
		6A96B56D10098E88003D353E /* iTetBlock+Drawing.m in Sources */ = {isa = PBXBuildFile; fileRef = 6A96B55710098E88003D353E /* iTetBlock+Drawing.m */; };
		6A96B56E10098E88003D353E /* iTetBlock.m in Sources */ = {isa = PBXBuildFile; fileRef = 6A96B55910098E88003D353E /* iTetBlock.m */; };
		6A96B56F10098E88003D353E /* iTetField.m in Sources */ = {isa = PBXBuildFile; fileRef = 6A96B55B10098E88003D353E /* iTetField.m */; };
		6A96B57010098E88003D353E /* iTetFieldView.m in Sources */ = {isa = PBXBuildFile; fileRef = 6A96B55D10098E88003D353E /* iTetFieldView.m */; };
		6A96B57110098E88003D353E /* iTetChannelInfo.m in Sources */ = {isa = PBXBuildFile; fileRef = 6A96B55F10098E88003D353E /* iTetChannelInfo.m */; };
		6A96B57210098E88003D353E /* iTetPlayer.m in Sources */ = {isa = PBXBuildFile; fileRef = 6A96B56110098E88003D353E /* iTetPlayer.m */; };
		6A96B57310098E88003D353E /* iTetServerInfo.m in Sources */ = {isa = PBXBuildFile; fileRef = 6A96B56310098E88003D353E /* iTetServerInfo.m */; };
		6A96B57410098E88003D353E /* iTetSpecialsView.m in Sources */ = {isa = PBXBuildFile; fileRef = 6A96B56610098E88003D353E /* iTetSpecialsView.m */; };
		6A96B57510098E88003D353E /* iTetTheme.m in Sources */ = {isa = PBXBuildFile; fileRef = 6A96B56810098E88003D353E /* iTetTheme.m */; };
		6A96B59110098FFD003D353E /* Cancel Red Button.png in Resources */ = {isa = PBXBuildFile; fileRef = 6A96B58A10098FFD003D353E /* Cancel Red Button.png */; };
		6A96B59210098FFD003D353E /* Eject Blue Button.png in Resources */ = {isa = PBXBuildFile; fileRef = 6A96B58B10098FFD003D353E /* Eject Blue Button.png */; };
		6A96B59310098FFD003D353E /* Network.png in Resources */ = {isa = PBXBuildFile; fileRef = 6A96B58C10098FFD003D353E /* Network.png */; };
		6A96B59410098FFD003D353E /* Play Green Button.png in Resources */ = {isa = PBXBuildFile; fileRef = 6A96B58D10098FFD003D353E /* Play Green Button.png */; };
		6A96B59510098FFD003D353E /* Stop Red Button.png in Resources */ = {isa = PBXBuildFile; fileRef = 6A96B58E10098FFD003D353E /* Stop Red Button.png */; };
		6A96B59610098FFD003D353E /* theme.cfg in Resources */ = {isa = PBXBuildFile; fileRef = 6A96B58F10098FFD003D353E /* theme.cfg */; };
		6A96B5FA100992F1003D353E /* iTetNetworkController.m in Sources */ = {isa = PBXBuildFile; fileRef = 6A96B5F9100992F1003D353E /* iTetNetworkController.m */; };
		6AB76D5A101D145000734661 /* iTetGeneralPrefsViewController.m in Sources */ = {isa = PBXBuildFile; fileRef = 6AB76D53101D145000734661 /* iTetGeneralPrefsViewController.m */; };
		6AB76D5B101D145000734661 /* iTetPreferencesWindowController.m in Sources */ = {isa = PBXBuildFile; fileRef = 6AB76D55101D145000734661 /* iTetPreferencesWindowController.m */; };
		6AB76D5C101D145000734661 /* iTetServersViewController.m in Sources */ = {isa = PBXBuildFile; fileRef = 6AB76D57101D145000734661 /* iTetServersViewController.m */; };
		6AB76D5D101D145000734661 /* iTetThemesViewController.m in Sources */ = {isa = PBXBuildFile; fileRef = 6AB76D59101D145000734661 /* iTetThemesViewController.m */; };
		6AB76D6F101D150000734661 /* PreferencesWindow.xib in Resources */ = {isa = PBXBuildFile; fileRef = 6AB76D6E101D150000734661 /* PreferencesWindow.xib */; };
		6AB76DAE101D178800734661 /* GeneralPrefsView.xib in Resources */ = {isa = PBXBuildFile; fileRef = 6AB76DAD101D178800734661 /* GeneralPrefsView.xib */; };
		6AB76DB1101D17AE00734661 /* ThemesPrefsView.xib in Resources */ = {isa = PBXBuildFile; fileRef = 6AB76DB0101D17AE00734661 /* ThemesPrefsView.xib */; };
		6AB76DB7101D17EE00734661 /* ServersPrefsView.xib in Resources */ = {isa = PBXBuildFile; fileRef = 6AB76DB6101D17EE00734661 /* ServersPrefsView.xib */; };
		6AC2397C1044A5D0006D3C83 /* iTetProtocolTransformer.m in Sources */ = {isa = PBXBuildFile; fileRef = 6AC2397B1044A5D0006D3C83 /* iTetProtocolTransformer.m */; };
		6AC7653E10CDB86B005B98E1 /* Pause Blue Button.png in Resources */ = {isa = PBXBuildFile; fileRef = 6AC7653C10CDB86B005B98E1 /* Pause Blue Button.png */; };
		6AC7653F10CDB86B005B98E1 /* Play Blue Button.png in Resources */ = {isa = PBXBuildFile; fileRef = 6AC7653D10CDB86B005B98E1 /* Play Blue Button.png */; };
		6AC7E21511556A4D00CE5383 /* NSAttributedString+TetrinetTextAttributes.m in Sources */ = {isa = PBXBuildFile; fileRef = 6AC7E21411556A4D00CE5383 /* NSAttributedString+TetrinetTextAttributes.m */; };
		6AC96DA9113EE3FC00D915B5 /* iTetLoginMessage.m in Sources */ = {isa = PBXBuildFile; fileRef = 6AC96DA8113EE3FC00D915B5 /* iTetLoginMessage.m */; };
		6AC96DB5113EEEA400D915B5 /* iTetClientInfoReplyMessage.m in Sources */ = {isa = PBXBuildFile; fileRef = 6AC96DB4113EEEA400D915B5 /* iTetClientInfoReplyMessage.m */; };
		6AC96DBB113EFB5C00D915B5 /* iTetNoConnectingMessage.m in Sources */ = {isa = PBXBuildFile; fileRef = 6AC96DBA113EFB5C00D915B5 /* iTetNoConnectingMessage.m */; };
		6AC96DC2113F095700D915B5 /* iTetHeartbeatMessage.m in Sources */ = {isa = PBXBuildFile; fileRef = 6AC96DC1113F095700D915B5 /* iTetHeartbeatMessage.m */; };
		6AC96DEA113F0CE500D915B5 /* iTetClientInfoRequestMessage.m in Sources */ = {isa = PBXBuildFile; fileRef = 6AC96DE9113F0CE500D915B5 /* iTetClientInfoRequestMessage.m */; };
		6AC96E0C113F106F00D915B5 /* iTetPlayerNumberMessage.m in Sources */ = {isa = PBXBuildFile; fileRef = 6AC96E0B113F106F00D915B5 /* iTetPlayerNumberMessage.m */; };
		6AC96E19113F131000D915B5 /* iTetPlayerJoinMessage.m in Sources */ = {isa = PBXBuildFile; fileRef = 6AC96E18113F131000D915B5 /* iTetPlayerJoinMessage.m */; };
		6ACA39AE113D88A60026924D /* iTetMessage.m in Sources */ = {isa = PBXBuildFile; fileRef = 6ACA39AD113D88A60026924D /* iTetMessage.m */; };
		6ACC223F107D0CE7006768C0 /* iTetGameViewController.m in Sources */ = {isa = PBXBuildFile; fileRef = 6ACC223E107D0CE7006768C0 /* iTetGameViewController.m */; };
		6ACE517F115FB47C00F394BE /* IPSScalableLevelIndicator.m in Sources */ = {isa = PBXBuildFile; fileRef = 6ACE517E115FB47C00F394BE /* IPSScalableLevelIndicator.m */; };
		6AD81AD911401E4500522D05 /* iTetPlineChatMessage.m in Sources */ = {isa = PBXBuildFile; fileRef = 6AD81AD811401E4500522D05 /* iTetPlineChatMessage.m */; };
		6AD81ADE114021DF00522D05 /* iTetGameChatMessage.m in Sources */ = {isa = PBXBuildFile; fileRef = 6AD81ADD114021DF00522D05 /* iTetGameChatMessage.m */; };
		6AD81AEE11402E4600522D05 /* iTetStartStopGameMessage.m in Sources */ = {isa = PBXBuildFile; fileRef = 6AD81AED11402E4600522D05 /* iTetStartStopGameMessage.m */; };
		6ADDDB3B111A86C9004EEE61 /* iTetBlocks_Mono.png in Resources */ = {isa = PBXBuildFile; fileRef = 6ADDDB39111A86C9004EEE61 /* iTetBlocks_Mono.png */; };
		6ADDDB3C111A86C9004EEE61 /* theme_mono.cfg in Resources */ = {isa = PBXBuildFile; fileRef = 6ADDDB3A111A86C9004EEE61 /* theme_mono.cfg */; };
		6AE061A2116EAFB200B59BFD /* iTetGameStateImageTransformer.m in Sources */ = {isa = PBXBuildFile; fileRef = 6AE061A1116EAFB200B59BFD /* iTetGameStateImageTransformer.m */; };
		6AE8192E116CDFC4006BEF0A /* iTetChannelListQueryMessage.m in Sources */ = {isa = PBXBuildFile; fileRef = 6AE8192D116CDFC4006BEF0A /* iTetChannelListQueryMessage.m */; };
		6AEB7F7C10891D7C00A8BCFD /* iTetKeyView.m in Sources */ = {isa = PBXBuildFile; fileRef = 6AEB7F7B10891D7C00A8BCFD /* iTetKeyView.m */; };
		6AEB7F8010891E4000A8BCFD /* KeyboardPrefsView.xib in Resources */ = {isa = PBXBuildFile; fileRef = 6AEB7F7F10891E4000A8BCFD /* KeyboardPrefsView.xib */; };
		6AEB7F851089218C00A8BCFD /* iTetKeyboardViewController.m in Sources */ = {isa = PBXBuildFile; fileRef = 6AEB7F831089218C00A8BCFD /* iTetKeyboardViewController.m */; };
		6AEBBF1B113F1C8F003C997B /* iTetPlayerLeaveMessage.m in Sources */ = {isa = PBXBuildFile; fileRef = 6AEBBF1A113F1C8F003C997B /* iTetPlayerLeaveMessage.m */; };
		6AEBBF1E113F1DD8003C997B /* iTetPlayerTeamMessage.m in Sources */ = {isa = PBXBuildFile; fileRef = 6AEBBF1D113F1DD8003C997B /* iTetPlayerTeamMessage.m */; };
		6AEBBF25113F25A6003C997B /* iTetWinlistMessage.m in Sources */ = {isa = PBXBuildFile; fileRef = 6AEBBF24113F25A6003C997B /* iTetWinlistMessage.m */; };
		6AEBBF65113F3029003C997B /* iTetTextAttributes.m in Sources */ = {isa = PBXBuildFile; fileRef = 6AEBBF64113F3029003C997B /* iTetTextAttributes.m */; };
		6AEDB8BC10A3347C00221E69 /* NSMutableDictionary+KeyBindings.m in Sources */ = {isa = PBXBuildFile; fileRef = 6AEDB8BB10A3347C00221E69 /* NSMutableDictionary+KeyBindings.m */; };
		6AEFEEC011207BE6006A89CA /* iTetWinlistViewController.m in Sources */ = {isa = PBXBuildFile; fileRef = 6AEFEEBF11207BE6006A89CA /* iTetWinlistViewController.m */; };
		6AEFEEC711207D51006A89CA /* iTetWinlistEntry.m in Sources */ = {isa = PBXBuildFile; fileRef = 6AEFEEC611207D51006A89CA /* iTetWinlistEntry.m */; };
		6AF511D6104860DB00D0B020 /* iTetLocalFieldView.m in Sources */ = {isa = PBXBuildFile; fileRef = 6AF511D5104860DB00D0B020 /* iTetLocalFieldView.m */; };
		6AF76B30116D684E006776C1 /* iTetChannelListEntryMessage.m in Sources */ = {isa = PBXBuildFile; fileRef = 6AF76B2F116D684E006776C1 /* iTetChannelListEntryMessage.m */; };
		6AF76B33116D77B9006776C1 /* iTetMessage+ChannelMessageFactory.m in Sources */ = {isa = PBXBuildFile; fileRef = 6AF76B32116D77B9006776C1 /* iTetMessage+ChannelMessageFactory.m */; };
		6AF76B38116D825B006776C1 /* iTetQueryResponseTerminatorMessage.m in Sources */ = {isa = PBXBuildFile; fileRef = 6AF76B37116D825B006776C1 /* iTetQueryResponseTerminatorMessage.m */; };
		6AF8A8FD114414DC0096D55F /* iTetPauseResumeGameMessage.m in Sources */ = {isa = PBXBuildFile; fileRef = 6AF8A8FC114414DC0096D55F /* iTetPauseResumeGameMessage.m */; };
		6AF8A9001144178A0096D55F /* iTetEndGameMessage.m in Sources */ = {isa = PBXBuildFile; fileRef = 6AF8A8FF1144178A0096D55F /* iTetEndGameMessage.m */; };
		6AF8A909114419480096D55F /* iTetPlayerLostMessage.m in Sources */ = {isa = PBXBuildFile; fileRef = 6AF8A908114419480096D55F /* iTetPlayerLostMessage.m */; };
		6AFA9136113F16F400300F33 /* NSString+MessageData.m in Sources */ = {isa = PBXBuildFile; fileRef = 6AFA9135113F16F400300F33 /* NSString+MessageData.m */; };
		6AFBE88C10AC6373008336EC /* iTetKeyNamePair.m in Sources */ = {isa = PBXBuildFile; fileRef = 6AFBE88B10AC6373008336EC /* iTetKeyNamePair.m */; };
		6AFCE0F5108771310090F3DF /* iTetSpecials.m in Sources */ = {isa = PBXBuildFile; fileRef = 6AFCE0F4108771310090F3DF /* iTetSpecials.m */; };
		6AFCE0F9108772B10090F3DF /* iTetSpecialNameTransformer.m in Sources */ = {isa = PBXBuildFile; fileRef = 6AFCE0F8108772B10090F3DF /* iTetSpecialNameTransformer.m */; };
		6AFDE349100AA7E900BED4A0 /* NSData+SingleByte.m in Sources */ = {isa = PBXBuildFile; fileRef = 6AFDE348100AA7E900BED4A0 /* NSData+SingleByte.m */; };
		8D11072B0486CEB800E47090 /* InfoPlist.strings in Resources */ = {isa = PBXBuildFile; fileRef = 089C165CFE840E0CC02AAC07 /* InfoPlist.strings */; };
		8D11072D0486CEB800E47090 /* main.m in Sources */ = {isa = PBXBuildFile; fileRef = 29B97316FDCFA39411CA2CEA /* main.m */; settings = {ATTRIBUTES = (); }; };
		8D11072F0486CEB800E47090 /* Cocoa.framework in Frameworks */ = {isa = PBXBuildFile; fileRef = 1058C7A1FEA54F0111CA2CBB /* Cocoa.framework */; };
/* End PBXBuildFile section */

/* Begin PBXFileReference section */
		089C165DFE840E0CC02AAC07 /* English */ = {isa = PBXFileReference; fileEncoding = 10; lastKnownFileType = text.plist.strings; name = English; path = English.lproj/InfoPlist.strings; sourceTree = "<group>"; };
		1058C7A1FEA54F0111CA2CBB /* Cocoa.framework */ = {isa = PBXFileReference; lastKnownFileType = wrapper.framework; name = Cocoa.framework; path = /System/Library/Frameworks/Cocoa.framework; sourceTree = "<absolute>"; };
		13E42FB307B3F0F600E4EEF1 /* CoreData.framework */ = {isa = PBXFileReference; lastKnownFileType = wrapper.framework; name = CoreData.framework; path = /System/Library/Frameworks/CoreData.framework; sourceTree = "<absolute>"; };
		1DDD58150DA1D0A300B32029 /* English */ = {isa = PBXFileReference; lastKnownFileType = file.xib; name = English; path = English.lproj/MainMenu.xib; sourceTree = "<group>"; };
		29B97316FDCFA39411CA2CEA /* main.m */ = {isa = PBXFileReference; fileEncoding = 4; lastKnownFileType = sourcecode.c.objc; path = main.m; sourceTree = "<group>"; };
		29B97324FDCFA39411CA2CEA /* AppKit.framework */ = {isa = PBXFileReference; lastKnownFileType = wrapper.framework; name = AppKit.framework; path = /System/Library/Frameworks/AppKit.framework; sourceTree = "<absolute>"; };
		29B97325FDCFA39411CA2CEA /* Foundation.framework */ = {isa = PBXFileReference; lastKnownFileType = wrapper.framework; name = Foundation.framework; path = /System/Library/Frameworks/Foundation.framework; sourceTree = "<absolute>"; };
		32CA4F630368D1EE00C91783 /* iTetrinet_Prefix.pch */ = {isa = PBXFileReference; fileEncoding = 4; lastKnownFileType = sourcecode.c.h; path = iTetrinet_Prefix.pch; sourceTree = "<group>"; };
		6A01A20E116F8E4400D3AE22 /* State Icon Pause.png */ = {isa = PBXFileReference; lastKnownFileType = image.png; path = "State Icon Pause.png"; sourceTree = "<group>"; };
		6A01A20F116F8E4400D3AE22 /* State Icon Play.png */ = {isa = PBXFileReference; lastKnownFileType = image.png; path = "State Icon Play.png"; sourceTree = "<group>"; };
		6A01A210116F8E4400D3AE22 /* State Icon Stop.png */ = {isa = PBXFileReference; lastKnownFileType = image.png; path = "State Icon Stop.png"; sourceTree = "<group>"; };
		6A02B4401141456200FB22CE /* iTetLevelUpdateMessage.h */ = {isa = PBXFileReference; fileEncoding = 4; lastKnownFileType = sourcecode.c.h; path = iTetLevelUpdateMessage.h; sourceTree = "<group>"; };
		6A02B4411141456200FB22CE /* iTetLevelUpdateMessage.m */ = {isa = PBXFileReference; fileEncoding = 4; lastKnownFileType = sourcecode.c.objc; path = iTetLevelUpdateMessage.m; sourceTree = "<group>"; };
		6A02B47011414B2D00FB22CE /* iTetSpecialMessage.h */ = {isa = PBXFileReference; fileEncoding = 4; lastKnownFileType = sourcecode.c.h; path = iTetSpecialMessage.h; sourceTree = "<group>"; };
		6A02B47111414B2D00FB22CE /* iTetSpecialMessage.m */ = {isa = PBXFileReference; fileEncoding = 4; lastKnownFileType = sourcecode.c.objc; path = iTetSpecialMessage.m; sourceTree = "<group>"; };
		6A05EE0E10B5A94D0002F86E /* iTetKeyActions.h */ = {isa = PBXFileReference; fileEncoding = 4; lastKnownFileType = sourcecode.c.h; path = iTetKeyActions.h; sourceTree = "<group>"; };
		6A05EE0F10B5A94D0002F86E /* iTetKeyActions.m */ = {isa = PBXFileReference; fileEncoding = 4; lastKnownFileType = sourcecode.c.objc; path = iTetKeyActions.m; sourceTree = "<group>"; };
		6A09E3A21148799D0063F2A1 /* iTetPlayerWonMessage.h */ = {isa = PBXFileReference; fileEncoding = 4; lastKnownFileType = sourcecode.c.h; path = iTetPlayerWonMessage.h; sourceTree = "<group>"; };
		6A09E3A31148799D0063F2A1 /* iTetPlayerWonMessage.m */ = {isa = PBXFileReference; fileEncoding = 4; lastKnownFileType = sourcecode.c.objc; path = iTetPlayerWonMessage.m; sourceTree = "<group>"; };
		6A09E3B1114889360063F2A1 /* iTetPlineActionMessage.h */ = {isa = PBXFileReference; fileEncoding = 4; lastKnownFileType = sourcecode.c.h; path = iTetPlineActionMessage.h; sourceTree = "<group>"; };
		6A09E3B2114889360063F2A1 /* iTetPlineActionMessage.m */ = {isa = PBXFileReference; fileEncoding = 4; lastKnownFileType = sourcecode.c.objc; path = iTetPlineActionMessage.m; sourceTree = "<group>"; };
		6A09E3CB114899660063F2A1 /* iTetMessage+ClassFactory.h */ = {isa = PBXFileReference; fileEncoding = 4; lastKnownFileType = sourcecode.c.h; path = "iTetMessage+ClassFactory.h"; sourceTree = "<group>"; };
		6A09E3CC114899660063F2A1 /* iTetMessage+ClassFactory.m */ = {isa = PBXFileReference; fileEncoding = 4; lastKnownFileType = sourcecode.c.objc; path = "iTetMessage+ClassFactory.m"; sourceTree = "<group>"; };
		6A0B2EA51124B2890065BFA0 /* iTetWinlistEntryTypeImageTransformer.h */ = {isa = PBXFileReference; fileEncoding = 4; lastKnownFileType = sourcecode.c.h; path = iTetWinlistEntryTypeImageTransformer.h; sourceTree = "<group>"; };
		6A0B2EA61124B2890065BFA0 /* iTetWinlistEntryTypeImageTransformer.m */ = {isa = PBXFileReference; fileEncoding = 4; lastKnownFileType = sourcecode.c.objc; path = iTetWinlistEntryTypeImageTransformer.m; sourceTree = "<group>"; };
		6A1042D6116C47AF007438B9 /* iTetServerPlayer.h */ = {isa = PBXFileReference; fileEncoding = 4; lastKnownFileType = sourcecode.c.h; path = iTetServerPlayer.h; sourceTree = "<group>"; };
		6A1042D7116C47AF007438B9 /* iTetServerPlayer.m */ = {isa = PBXFileReference; fileEncoding = 4; lastKnownFileType = sourcecode.c.objc; path = iTetServerPlayer.m; sourceTree = "<group>"; };
		6A127B7D1148AB1900747A7C /* iTetIncomingMessages.h */ = {isa = PBXFileReference; fileEncoding = 4; lastKnownFileType = sourcecode.c.h; path = iTetIncomingMessages.h; sourceTree = "<group>"; };
		6A127B7E1148AB4C00747A7C /* iTetOutgoingMessages.h */ = {isa = PBXFileReference; fileEncoding = 4; lastKnownFileType = sourcecode.c.h; path = iTetOutgoingMessages.h; sourceTree = "<group>"; };
		6A12A26410E4A03400EA67B7 /* gtetblocks.png */ = {isa = PBXFileReference; lastKnownFileType = image.png; path = gtetblocks.png; sourceTree = "<group>"; };
		6A12A26510E4A03400EA67B7 /* gTetrinetTheme.cfg */ = {isa = PBXFileReference; fileEncoding = 4; lastKnownFileType = text; path = gTetrinetTheme.cfg; sourceTree = "<group>"; };
		6A12A26610E4A03400EA67B7 /* iTetBlocks.png */ = {isa = PBXFileReference; lastKnownFileType = image.png; path = iTetBlocks.png; sourceTree = "<group>"; };
		6A1851A510E7394000A29E0F /* iTetBlocks_White.png */ = {isa = PBXFileReference; lastKnownFileType = image.png; path = iTetBlocks_White.png; sourceTree = "<group>"; };
		6A1851A610E7394000A29E0F /* theme_white.cfg */ = {isa = PBXFileReference; fileEncoding = 4; lastKnownFileType = text; path = theme_white.cfg; sourceTree = "<group>"; };
		6A268690114F0EC5007B1420 /* AsyncSocket.h */ = {isa = PBXFileReference; fileEncoding = 4; lastKnownFileType = sourcecode.c.h; path = AsyncSocket.h; sourceTree = "<group>"; };
		6A268691114F0EC5007B1420 /* AsyncSocket.m */ = {isa = PBXFileReference; fileEncoding = 4; lastKnownFileType = sourcecode.c.objc; path = AsyncSocket.m; sourceTree = "<group>"; };
		6A2687D2114F131A007B1420 /* iTetPlayersController.h */ = {isa = PBXFileReference; fileEncoding = 4; lastKnownFileType = sourcecode.c.h; path = iTetPlayersController.h; sourceTree = "<group>"; };
		6A2687D3114F131A007B1420 /* iTetPlayersController.m */ = {isa = PBXFileReference; fileEncoding = 4; lastKnownFileType = sourcecode.c.objc; path = iTetPlayersController.m; sourceTree = "<group>"; };
		6A2687D7114F152D007B1420 /* CoreServices.framework */ = {isa = PBXFileReference; lastKnownFileType = wrapper.framework; name = CoreServices.framework; path = System/Library/Frameworks/CoreServices.framework; sourceTree = SDKROOT; };
		6A2922AC100BE5CF0008A3C3 /* iTetPreferencesController.h */ = {isa = PBXFileReference; fileEncoding = 4; lastKnownFileType = sourcecode.c.h; path = iTetPreferencesController.h; sourceTree = "<group>"; };
		6A2922AD100BE5CF0008A3C3 /* iTetPreferencesController.m */ = {isa = PBXFileReference; fileEncoding = 4; lastKnownFileType = sourcecode.c.objc; path = iTetPreferencesController.m; sourceTree = "<group>"; };
		6A29233B100BED350008A3C3 /* iTetNextBlockView.h */ = {isa = PBXFileReference; fileEncoding = 4; lastKnownFileType = sourcecode.c.h; path = iTetNextBlockView.h; sourceTree = "<group>"; };
		6A29233C100BED350008A3C3 /* iTetNextBlockView.m */ = {isa = PBXFileReference; fileEncoding = 4; lastKnownFileType = sourcecode.c.objc; path = iTetNextBlockView.m; sourceTree = "<group>"; };
		6A2923CD100BFB7A0008A3C3 /* iTetThemedView.h */ = {isa = PBXFileReference; fileEncoding = 4; lastKnownFileType = sourcecode.c.h; path = iTetThemedView.h; sourceTree = "<group>"; };
		6A2923CE100BFB7A0008A3C3 /* iTetThemedView.m */ = {isa = PBXFileReference; fileEncoding = 4; lastKnownFileType = sourcecode.c.objc; path = iTetThemedView.m; sourceTree = "<group>"; };
		6A29DC8210BB44040054D353 /* iTetPreferencesViewController.h */ = {isa = PBXFileReference; fileEncoding = 4; lastKnownFileType = sourcecode.c.h; path = iTetPreferencesViewController.h; sourceTree = "<group>"; };
		6A29DC8310BB44040054D353 /* iTetPreferencesViewController.m */ = {isa = PBXFileReference; fileEncoding = 4; lastKnownFileType = sourcecode.c.objc; path = iTetPreferencesViewController.m; sourceTree = "<group>"; };
		6A387E31113F4D0C0074A5F6 /* NSData+Subdata.h */ = {isa = PBXFileReference; fileEncoding = 4; lastKnownFileType = sourcecode.c.h; path = "NSData+Subdata.h"; sourceTree = "<group>"; };
		6A387E32113F4D0C0074A5F6 /* NSData+Subdata.m */ = {isa = PBXFileReference; fileEncoding = 4; lastKnownFileType = sourcecode.c.objc; path = "NSData+Subdata.m"; sourceTree = "<group>"; };
		6A39FB0D111FB346000373E2 /* iTetTextAttributesController.h */ = {isa = PBXFileReference; fileEncoding = 4; lastKnownFileType = sourcecode.c.h; path = iTetTextAttributesController.h; sourceTree = "<group>"; };
		6A39FB0E111FB346000373E2 /* iTetTextAttributesController.m */ = {isa = PBXFileReference; fileEncoding = 4; lastKnownFileType = sourcecode.c.objc; path = iTetTextAttributesController.m; sourceTree = "<group>"; };
		6A3ACC4610B7C49500459D97 /* NSImage+KeyImageCache.h */ = {isa = PBXFileReference; fileEncoding = 4; lastKnownFileType = sourcecode.c.h; path = "NSImage+KeyImageCache.h"; sourceTree = "<group>"; };
		6A3ACC4710B7C49500459D97 /* NSImage+KeyImageCache.m */ = {isa = PBXFileReference; fileEncoding = 4; lastKnownFileType = sourcecode.c.objc; path = "NSImage+KeyImageCache.m"; sourceTree = "<group>"; };
		6A3ACC5310B7C85A00459D97 /* IPSCacheDictionary.h */ = {isa = PBXFileReference; fileEncoding = 4; lastKnownFileType = sourcecode.c.h; path = IPSCacheDictionary.h; sourceTree = "<group>"; };
		6A3ACC5410B7C85A00459D97 /* IPSCacheDictionary.m */ = {isa = PBXFileReference; fileEncoding = 4; lastKnownFileType = sourcecode.c.objc; path = IPSCacheDictionary.m; sourceTree = "<group>"; };
		6A3DD0E9116E3A400047B881 /* iTetChannelsViewController.h */ = {isa = PBXFileReference; fileEncoding = 4; lastKnownFileType = sourcecode.c.h; path = iTetChannelsViewController.h; sourceTree = "<group>"; };
		6A3DD0EA116E3A400047B881 /* iTetChannelsViewController.m */ = {isa = PBXFileReference; fileEncoding = 4; lastKnownFileType = sourcecode.c.objc; path = iTetChannelsViewController.m; sourceTree = "<group>"; };
		6A4A375E101BB3E000F27DE9 /* iTetChatViewController.h */ = {isa = PBXFileReference; fileEncoding = 4; lastKnownFileType = sourcecode.c.h; path = iTetChatViewController.h; sourceTree = "<group>"; };
		6A4A375F101BB3E000F27DE9 /* iTetChatViewController.m */ = {isa = PBXFileReference; fileEncoding = 4; lastKnownFileType = sourcecode.c.objc; path = iTetChatViewController.m; sourceTree = "<group>"; };
		6A4D9155111269700052BC28 /* iTetLocalPlayer.h */ = {isa = PBXFileReference; fileEncoding = 4; lastKnownFileType = sourcecode.c.h; path = iTetLocalPlayer.h; sourceTree = "<group>"; };
		6A4D9156111269700052BC28 /* iTetLocalPlayer.m */ = {isa = PBXFileReference; fileEncoding = 4; lastKnownFileType = sourcecode.c.objc; path = iTetLocalPlayer.m; sourceTree = "<group>"; };
		6A5F2687111CC9AC00DD63DA /* Minus Red Button.png */ = {isa = PBXFileReference; lastKnownFileType = image.png; path = "Minus Red Button.png"; sourceTree = "<group>"; };
		6A612AF911721BF3008B9EE2 /* iTetJoinChannelMessage.h */ = {isa = PBXFileReference; fileEncoding = 4; lastKnownFileType = sourcecode.c.h; path = iTetJoinChannelMessage.h; sourceTree = "<group>"; };
		6A612AFA11721BF3008B9EE2 /* iTetJoinChannelMessage.m */ = {isa = PBXFileReference; fileEncoding = 4; lastKnownFileType = sourcecode.c.objc; path = iTetJoinChannelMessage.m; sourceTree = "<group>"; };
		6A6957E81121214C00B01FB6 /* NSColor+Comparisons.h */ = {isa = PBXFileReference; fileEncoding = 4; lastKnownFileType = sourcecode.c.h; path = "NSColor+Comparisons.h"; sourceTree = "<group>"; };
		6A6957E91121214C00B01FB6 /* NSColor+Comparisons.m */ = {isa = PBXFileReference; fileEncoding = 4; lastKnownFileType = sourcecode.c.objc; path = "NSColor+Comparisons.m"; sourceTree = "<group>"; };
		6A739806106AB12600F51BF5 /* iTetGameRules.h */ = {isa = PBXFileReference; fileEncoding = 4; lastKnownFileType = sourcecode.c.h; path = iTetGameRules.h; sourceTree = "<group>"; };
		6A739807106AB12600F51BF5 /* iTetGameRules.m */ = {isa = PBXFileReference; fileEncoding = 4; lastKnownFileType = sourcecode.c.objc; path = iTetGameRules.m; sourceTree = "<group>"; };
		6A772C4A1020014200AAA2B8 /* iTetThemesArrayController.h */ = {isa = PBXFileReference; fileEncoding = 4; lastKnownFileType = sourcecode.c.h; path = iTetThemesArrayController.h; sourceTree = "<group>"; };
		6A772C4B1020014200AAA2B8 /* iTetThemesArrayController.m */ = {isa = PBXFileReference; fileEncoding = 4; lastKnownFileType = sourcecode.c.objc; path = iTetThemesArrayController.m; sourceTree = "<group>"; };
		6A7997E6114074D8005C3093 /* iTetNewGameMessage.h */ = {isa = PBXFileReference; fileEncoding = 4; lastKnownFileType = sourcecode.c.h; path = iTetNewGameMessage.h; sourceTree = "<group>"; };
		6A7997E7114074D8005C3093 /* iTetNewGameMessage.m */ = {isa = PBXFileReference; fileEncoding = 4; lastKnownFileType = sourcecode.c.objc; path = iTetNewGameMessage.m; sourceTree = "<group>"; };
		6A7997F71140C9A7005C3093 /* iTetInGameMessage.h */ = {isa = PBXFileReference; fileEncoding = 4; lastKnownFileType = sourcecode.c.h; path = iTetInGameMessage.h; sourceTree = "<group>"; };
		6A7997F81140C9A7005C3093 /* iTetInGameMessage.m */ = {isa = PBXFileReference; fileEncoding = 4; lastKnownFileType = sourcecode.c.objc; path = iTetInGameMessage.m; sourceTree = "<group>"; };
		6A7997FE1140CB38005C3093 /* iTetFieldstringMessage.h */ = {isa = PBXFileReference; fileEncoding = 4; lastKnownFileType = sourcecode.c.h; path = iTetFieldstringMessage.h; sourceTree = "<group>"; };
		6A7997FF1140CB38005C3093 /* iTetFieldstringMessage.m */ = {isa = PBXFileReference; fileEncoding = 4; lastKnownFileType = sourcecode.c.objc; path = iTetFieldstringMessage.m; sourceTree = "<group>"; };
		6A7DC20E115047080068584D /* iTetWindowController.h */ = {isa = PBXFileReference; fileEncoding = 4; lastKnownFileType = sourcecode.c.h; path = iTetWindowController.h; sourceTree = "<group>"; };
		6A7DC20F115047080068584D /* iTetWindowController.m */ = {isa = PBXFileReference; fileEncoding = 4; lastKnownFileType = sourcecode.c.objc; path = iTetWindowController.m; sourceTree = "<group>"; };
		6A8EEEE0115439020050339E /* English */ = {isa = PBXFileReference; lastKnownFileType = text.rtf; name = English; path = English.lproj/Credits.rtf; sourceTree = "<group>"; };
		6A96B55610098E88003D353E /* iTetBlock+Drawing.h */ = {isa = PBXFileReference; fileEncoding = 4; lastKnownFileType = sourcecode.c.h; path = "iTetBlock+Drawing.h"; sourceTree = "<group>"; };
		6A96B55710098E88003D353E /* iTetBlock+Drawing.m */ = {isa = PBXFileReference; fileEncoding = 4; lastKnownFileType = sourcecode.c.objc; path = "iTetBlock+Drawing.m"; sourceTree = "<group>"; };
		6A96B55810098E88003D353E /* iTetBlock.h */ = {isa = PBXFileReference; fileEncoding = 4; lastKnownFileType = sourcecode.c.h; path = iTetBlock.h; sourceTree = "<group>"; };
		6A96B55910098E88003D353E /* iTetBlock.m */ = {isa = PBXFileReference; fileEncoding = 4; lastKnownFileType = sourcecode.c.objc; path = iTetBlock.m; sourceTree = "<group>"; };
		6A96B55A10098E88003D353E /* iTetField.h */ = {isa = PBXFileReference; fileEncoding = 4; lastKnownFileType = sourcecode.c.h; path = iTetField.h; sourceTree = "<group>"; };
		6A96B55B10098E88003D353E /* iTetField.m */ = {isa = PBXFileReference; fileEncoding = 4; lastKnownFileType = sourcecode.c.objc; path = iTetField.m; sourceTree = "<group>"; };
		6A96B55C10098E88003D353E /* iTetFieldView.h */ = {isa = PBXFileReference; fileEncoding = 4; lastKnownFileType = sourcecode.c.h; path = iTetFieldView.h; sourceTree = "<group>"; };
		6A96B55D10098E88003D353E /* iTetFieldView.m */ = {isa = PBXFileReference; fileEncoding = 4; lastKnownFileType = sourcecode.c.objc; path = iTetFieldView.m; sourceTree = "<group>"; };
		6A96B55E10098E88003D353E /* iTetChannelInfo.h */ = {isa = PBXFileReference; fileEncoding = 4; lastKnownFileType = sourcecode.c.h; path = iTetChannelInfo.h; sourceTree = "<group>"; };
		6A96B55F10098E88003D353E /* iTetChannelInfo.m */ = {isa = PBXFileReference; fileEncoding = 4; lastKnownFileType = sourcecode.c.objc; path = iTetChannelInfo.m; sourceTree = "<group>"; };
		6A96B56010098E88003D353E /* iTetPlayer.h */ = {isa = PBXFileReference; fileEncoding = 4; lastKnownFileType = sourcecode.c.h; path = iTetPlayer.h; sourceTree = "<group>"; };
		6A96B56110098E88003D353E /* iTetPlayer.m */ = {isa = PBXFileReference; fileEncoding = 4; lastKnownFileType = sourcecode.c.objc; path = iTetPlayer.m; sourceTree = "<group>"; };
		6A96B56210098E88003D353E /* iTetServerInfo.h */ = {isa = PBXFileReference; fileEncoding = 4; lastKnownFileType = sourcecode.c.h; path = iTetServerInfo.h; sourceTree = "<group>"; };
		6A96B56310098E88003D353E /* iTetServerInfo.m */ = {isa = PBXFileReference; fileEncoding = 4; lastKnownFileType = sourcecode.c.objc; path = iTetServerInfo.m; sourceTree = "<group>"; };
		6A96B56410098E88003D353E /* iTetSpecials.h */ = {isa = PBXFileReference; fileEncoding = 4; lastKnownFileType = sourcecode.c.h; path = iTetSpecials.h; sourceTree = "<group>"; };
		6A96B56510098E88003D353E /* iTetSpecialsView.h */ = {isa = PBXFileReference; fileEncoding = 4; lastKnownFileType = sourcecode.c.h; path = iTetSpecialsView.h; sourceTree = "<group>"; };
		6A96B56610098E88003D353E /* iTetSpecialsView.m */ = {isa = PBXFileReference; fileEncoding = 4; lastKnownFileType = sourcecode.c.objc; path = iTetSpecialsView.m; sourceTree = "<group>"; };
		6A96B56710098E88003D353E /* iTetTheme.h */ = {isa = PBXFileReference; fileEncoding = 4; lastKnownFileType = sourcecode.c.h; path = iTetTheme.h; sourceTree = "<group>"; };
		6A96B56810098E88003D353E /* iTetTheme.m */ = {isa = PBXFileReference; fileEncoding = 4; lastKnownFileType = sourcecode.c.objc; path = iTetTheme.m; sourceTree = "<group>"; };
		6A96B58A10098FFD003D353E /* Cancel Red Button.png */ = {isa = PBXFileReference; lastKnownFileType = image.png; path = "Cancel Red Button.png"; sourceTree = "<group>"; };
		6A96B58B10098FFD003D353E /* Eject Blue Button.png */ = {isa = PBXFileReference; lastKnownFileType = image.png; path = "Eject Blue Button.png"; sourceTree = "<group>"; };
		6A96B58C10098FFD003D353E /* Network.png */ = {isa = PBXFileReference; lastKnownFileType = image.png; path = Network.png; sourceTree = "<group>"; };
		6A96B58D10098FFD003D353E /* Play Green Button.png */ = {isa = PBXFileReference; lastKnownFileType = image.png; path = "Play Green Button.png"; sourceTree = "<group>"; };
		6A96B58E10098FFD003D353E /* Stop Red Button.png */ = {isa = PBXFileReference; lastKnownFileType = image.png; path = "Stop Red Button.png"; sourceTree = "<group>"; };
		6A96B58F10098FFD003D353E /* theme.cfg */ = {isa = PBXFileReference; fileEncoding = 4; lastKnownFileType = text; path = theme.cfg; sourceTree = "<group>"; };
		6A96B5F8100992F1003D353E /* iTetNetworkController.h */ = {isa = PBXFileReference; fileEncoding = 4; lastKnownFileType = sourcecode.c.h; path = iTetNetworkController.h; sourceTree = "<group>"; };
		6A96B5F9100992F1003D353E /* iTetNetworkController.m */ = {isa = PBXFileReference; fileEncoding = 4; lastKnownFileType = sourcecode.c.objc; path = iTetNetworkController.m; sourceTree = "<group>"; };
		6AB76D52101D145000734661 /* iTetGeneralPrefsViewController.h */ = {isa = PBXFileReference; fileEncoding = 4; lastKnownFileType = sourcecode.c.h; path = iTetGeneralPrefsViewController.h; sourceTree = "<group>"; };
		6AB76D53101D145000734661 /* iTetGeneralPrefsViewController.m */ = {isa = PBXFileReference; fileEncoding = 4; lastKnownFileType = sourcecode.c.objc; path = iTetGeneralPrefsViewController.m; sourceTree = "<group>"; };
		6AB76D54101D145000734661 /* iTetPreferencesWindowController.h */ = {isa = PBXFileReference; fileEncoding = 4; lastKnownFileType = sourcecode.c.h; path = iTetPreferencesWindowController.h; sourceTree = "<group>"; };
		6AB76D55101D145000734661 /* iTetPreferencesWindowController.m */ = {isa = PBXFileReference; fileEncoding = 4; lastKnownFileType = sourcecode.c.objc; path = iTetPreferencesWindowController.m; sourceTree = "<group>"; };
		6AB76D56101D145000734661 /* iTetServersViewController.h */ = {isa = PBXFileReference; fileEncoding = 4; lastKnownFileType = sourcecode.c.h; path = iTetServersViewController.h; sourceTree = "<group>"; };
		6AB76D57101D145000734661 /* iTetServersViewController.m */ = {isa = PBXFileReference; fileEncoding = 4; lastKnownFileType = sourcecode.c.objc; path = iTetServersViewController.m; sourceTree = "<group>"; };
		6AB76D58101D145000734661 /* iTetThemesViewController.h */ = {isa = PBXFileReference; fileEncoding = 4; lastKnownFileType = sourcecode.c.h; path = iTetThemesViewController.h; sourceTree = "<group>"; };
		6AB76D59101D145000734661 /* iTetThemesViewController.m */ = {isa = PBXFileReference; fileEncoding = 4; lastKnownFileType = sourcecode.c.objc; path = iTetThemesViewController.m; sourceTree = "<group>"; };
		6AB76D6E101D150000734661 /* PreferencesWindow.xib */ = {isa = PBXFileReference; lastKnownFileType = file.xib; path = PreferencesWindow.xib; sourceTree = "<group>"; };
		6AB76DAD101D178800734661 /* GeneralPrefsView.xib */ = {isa = PBXFileReference; lastKnownFileType = file.xib; path = GeneralPrefsView.xib; sourceTree = "<group>"; };
		6AB76DB0101D17AE00734661 /* ThemesPrefsView.xib */ = {isa = PBXFileReference; lastKnownFileType = file.xib; path = ThemesPrefsView.xib; sourceTree = "<group>"; };
		6AB76DB6101D17EE00734661 /* ServersPrefsView.xib */ = {isa = PBXFileReference; lastKnownFileType = file.xib; path = ServersPrefsView.xib; sourceTree = "<group>"; };
		6AC2397A1044A5D0006D3C83 /* iTetProtocolTransformer.h */ = {isa = PBXFileReference; fileEncoding = 4; lastKnownFileType = sourcecode.c.h; path = iTetProtocolTransformer.h; sourceTree = "<group>"; };
		6AC2397B1044A5D0006D3C83 /* iTetProtocolTransformer.m */ = {isa = PBXFileReference; fileEncoding = 4; lastKnownFileType = sourcecode.c.objc; path = iTetProtocolTransformer.m; sourceTree = "<group>"; };
		6AC7653C10CDB86B005B98E1 /* Pause Blue Button.png */ = {isa = PBXFileReference; lastKnownFileType = image.png; path = "Pause Blue Button.png"; sourceTree = "<group>"; };
		6AC7653D10CDB86B005B98E1 /* Play Blue Button.png */ = {isa = PBXFileReference; lastKnownFileType = image.png; path = "Play Blue Button.png"; sourceTree = "<group>"; };
		6AC7E21311556A4D00CE5383 /* NSAttributedString+TetrinetTextAttributes.h */ = {isa = PBXFileReference; fileEncoding = 4; lastKnownFileType = sourcecode.c.h; path = "NSAttributedString+TetrinetTextAttributes.h"; sourceTree = "<group>"; };
		6AC7E21411556A4D00CE5383 /* NSAttributedString+TetrinetTextAttributes.m */ = {isa = PBXFileReference; fileEncoding = 4; lastKnownFileType = sourcecode.c.objc; path = "NSAttributedString+TetrinetTextAttributes.m"; sourceTree = "<group>"; };
		6AC96DA7113EE3FC00D915B5 /* iTetLoginMessage.h */ = {isa = PBXFileReference; fileEncoding = 4; lastKnownFileType = sourcecode.c.h; path = iTetLoginMessage.h; sourceTree = "<group>"; };
		6AC96DA8113EE3FC00D915B5 /* iTetLoginMessage.m */ = {isa = PBXFileReference; fileEncoding = 4; lastKnownFileType = sourcecode.c.objc; path = iTetLoginMessage.m; sourceTree = "<group>"; };
		6AC96DB3113EEEA400D915B5 /* iTetClientInfoReplyMessage.h */ = {isa = PBXFileReference; fileEncoding = 4; lastKnownFileType = sourcecode.c.h; path = iTetClientInfoReplyMessage.h; sourceTree = "<group>"; };
		6AC96DB4113EEEA400D915B5 /* iTetClientInfoReplyMessage.m */ = {isa = PBXFileReference; fileEncoding = 4; lastKnownFileType = sourcecode.c.objc; path = iTetClientInfoReplyMessage.m; sourceTree = "<group>"; };
		6AC96DB9113EFB5C00D915B5 /* iTetNoConnectingMessage.h */ = {isa = PBXFileReference; fileEncoding = 4; lastKnownFileType = sourcecode.c.h; path = iTetNoConnectingMessage.h; sourceTree = "<group>"; };
		6AC96DBA113EFB5C00D915B5 /* iTetNoConnectingMessage.m */ = {isa = PBXFileReference; fileEncoding = 4; lastKnownFileType = sourcecode.c.objc; path = iTetNoConnectingMessage.m; sourceTree = "<group>"; };
		6AC96DC0113F095700D915B5 /* iTetHeartbeatMessage.h */ = {isa = PBXFileReference; fileEncoding = 4; lastKnownFileType = sourcecode.c.h; path = iTetHeartbeatMessage.h; sourceTree = "<group>"; };
		6AC96DC1113F095700D915B5 /* iTetHeartbeatMessage.m */ = {isa = PBXFileReference; fileEncoding = 4; lastKnownFileType = sourcecode.c.objc; path = iTetHeartbeatMessage.m; sourceTree = "<group>"; };
		6AC96DE8113F0CE500D915B5 /* iTetClientInfoRequestMessage.h */ = {isa = PBXFileReference; fileEncoding = 4; lastKnownFileType = sourcecode.c.h; path = iTetClientInfoRequestMessage.h; sourceTree = "<group>"; };
		6AC96DE9113F0CE500D915B5 /* iTetClientInfoRequestMessage.m */ = {isa = PBXFileReference; fileEncoding = 4; lastKnownFileType = sourcecode.c.objc; path = iTetClientInfoRequestMessage.m; sourceTree = "<group>"; };
		6AC96E0A113F106F00D915B5 /* iTetPlayerNumberMessage.h */ = {isa = PBXFileReference; fileEncoding = 4; lastKnownFileType = sourcecode.c.h; path = iTetPlayerNumberMessage.h; sourceTree = "<group>"; };
		6AC96E0B113F106F00D915B5 /* iTetPlayerNumberMessage.m */ = {isa = PBXFileReference; fileEncoding = 4; lastKnownFileType = sourcecode.c.objc; path = iTetPlayerNumberMessage.m; sourceTree = "<group>"; };
		6AC96E17113F131000D915B5 /* iTetPlayerJoinMessage.h */ = {isa = PBXFileReference; fileEncoding = 4; lastKnownFileType = sourcecode.c.h; path = iTetPlayerJoinMessage.h; sourceTree = "<group>"; };
		6AC96E18113F131000D915B5 /* iTetPlayerJoinMessage.m */ = {isa = PBXFileReference; fileEncoding = 4; lastKnownFileType = sourcecode.c.objc; path = iTetPlayerJoinMessage.m; sourceTree = "<group>"; };
		6ACA39AC113D88A60026924D /* iTetMessage.h */ = {isa = PBXFileReference; fileEncoding = 4; lastKnownFileType = sourcecode.c.h; path = iTetMessage.h; sourceTree = "<group>"; };
		6ACA39AD113D88A60026924D /* iTetMessage.m */ = {isa = PBXFileReference; fileEncoding = 4; lastKnownFileType = sourcecode.c.objc; path = iTetMessage.m; sourceTree = "<group>"; };
		6ACC223D107D0CE7006768C0 /* iTetGameViewController.h */ = {isa = PBXFileReference; fileEncoding = 4; lastKnownFileType = sourcecode.c.h; path = iTetGameViewController.h; sourceTree = "<group>"; };
		6ACC223E107D0CE7006768C0 /* iTetGameViewController.m */ = {isa = PBXFileReference; fileEncoding = 4; lastKnownFileType = sourcecode.c.objc; path = iTetGameViewController.m; sourceTree = "<group>"; };
		6ACE517D115FB47C00F394BE /* IPSScalableLevelIndicator.h */ = {isa = PBXFileReference; fileEncoding = 4; lastKnownFileType = sourcecode.c.h; path = IPSScalableLevelIndicator.h; sourceTree = "<group>"; };
		6ACE517E115FB47C00F394BE /* IPSScalableLevelIndicator.m */ = {isa = PBXFileReference; fileEncoding = 4; lastKnownFileType = sourcecode.c.objc; path = IPSScalableLevelIndicator.m; sourceTree = "<group>"; };
		6AD81AD711401E4500522D05 /* iTetPlineChatMessage.h */ = {isa = PBXFileReference; fileEncoding = 4; lastKnownFileType = sourcecode.c.h; path = iTetPlineChatMessage.h; sourceTree = "<group>"; };
		6AD81AD811401E4500522D05 /* iTetPlineChatMessage.m */ = {isa = PBXFileReference; fileEncoding = 4; lastKnownFileType = sourcecode.c.objc; path = iTetPlineChatMessage.m; sourceTree = "<group>"; };
		6AD81ADC114021DF00522D05 /* iTetGameChatMessage.h */ = {isa = PBXFileReference; fileEncoding = 4; lastKnownFileType = sourcecode.c.h; path = iTetGameChatMessage.h; sourceTree = "<group>"; };
		6AD81ADD114021DF00522D05 /* iTetGameChatMessage.m */ = {isa = PBXFileReference; fileEncoding = 4; lastKnownFileType = sourcecode.c.objc; path = iTetGameChatMessage.m; sourceTree = "<group>"; };
		6AD81AEC11402E4600522D05 /* iTetStartStopGameMessage.h */ = {isa = PBXFileReference; fileEncoding = 4; lastKnownFileType = sourcecode.c.h; path = iTetStartStopGameMessage.h; sourceTree = "<group>"; };
		6AD81AED11402E4600522D05 /* iTetStartStopGameMessage.m */ = {isa = PBXFileReference; fileEncoding = 4; lastKnownFileType = sourcecode.c.objc; path = iTetStartStopGameMessage.m; sourceTree = "<group>"; };
		6ADDDB39111A86C9004EEE61 /* iTetBlocks_Mono.png */ = {isa = PBXFileReference; lastKnownFileType = image.png; path = iTetBlocks_Mono.png; sourceTree = "<group>"; };
		6ADDDB3A111A86C9004EEE61 /* theme_mono.cfg */ = {isa = PBXFileReference; fileEncoding = 4; lastKnownFileType = text; path = theme_mono.cfg; sourceTree = "<group>"; };
		6AE061A0116EAFB200B59BFD /* iTetGameStateImageTransformer.h */ = {isa = PBXFileReference; fileEncoding = 4; lastKnownFileType = sourcecode.c.h; path = iTetGameStateImageTransformer.h; sourceTree = "<group>"; };
		6AE061A1116EAFB200B59BFD /* iTetGameStateImageTransformer.m */ = {isa = PBXFileReference; fileEncoding = 4; lastKnownFileType = sourcecode.c.objc; path = iTetGameStateImageTransformer.m; sourceTree = "<group>"; };
		6AE061A3116EB19C00B59BFD /* iTetGameplayState.h */ = {isa = PBXFileReference; fileEncoding = 4; lastKnownFileType = sourcecode.c.h; path = iTetGameplayState.h; sourceTree = "<group>"; };
		6AE8192C116CDFC4006BEF0A /* iTetChannelListQueryMessage.h */ = {isa = PBXFileReference; fileEncoding = 4; lastKnownFileType = sourcecode.c.h; path = iTetChannelListQueryMessage.h; sourceTree = "<group>"; };
		6AE8192D116CDFC4006BEF0A /* iTetChannelListQueryMessage.m */ = {isa = PBXFileReference; fileEncoding = 4; lastKnownFileType = sourcecode.c.objc; path = iTetChannelListQueryMessage.m; sourceTree = "<group>"; };
		6AEB7F7A10891D7C00A8BCFD /* iTetKeyView.h */ = {isa = PBXFileReference; fileEncoding = 4; lastKnownFileType = sourcecode.c.h; path = iTetKeyView.h; sourceTree = "<group>"; };
		6AEB7F7B10891D7C00A8BCFD /* iTetKeyView.m */ = {isa = PBXFileReference; fileEncoding = 4; lastKnownFileType = sourcecode.c.objc; path = iTetKeyView.m; sourceTree = "<group>"; };
		6AEB7F7F10891E4000A8BCFD /* KeyboardPrefsView.xib */ = {isa = PBXFileReference; lastKnownFileType = file.xib; path = KeyboardPrefsView.xib; sourceTree = "<group>"; };
		6AEB7F831089218C00A8BCFD /* iTetKeyboardViewController.m */ = {isa = PBXFileReference; fileEncoding = 4; lastKnownFileType = sourcecode.c.objc; path = iTetKeyboardViewController.m; sourceTree = "<group>"; };
		6AEB7F841089218C00A8BCFD /* iTetKeyboardViewController.h */ = {isa = PBXFileReference; fileEncoding = 4; lastKnownFileType = sourcecode.c.h; path = iTetKeyboardViewController.h; sourceTree = "<group>"; };
		6AEBBF19113F1C8F003C997B /* iTetPlayerLeaveMessage.h */ = {isa = PBXFileReference; fileEncoding = 4; lastKnownFileType = sourcecode.c.h; path = iTetPlayerLeaveMessage.h; sourceTree = "<group>"; };
		6AEBBF1A113F1C8F003C997B /* iTetPlayerLeaveMessage.m */ = {isa = PBXFileReference; fileEncoding = 4; lastKnownFileType = sourcecode.c.objc; path = iTetPlayerLeaveMessage.m; sourceTree = "<group>"; };
		6AEBBF1C113F1DD8003C997B /* iTetPlayerTeamMessage.h */ = {isa = PBXFileReference; fileEncoding = 4; lastKnownFileType = sourcecode.c.h; path = iTetPlayerTeamMessage.h; sourceTree = "<group>"; };
		6AEBBF1D113F1DD8003C997B /* iTetPlayerTeamMessage.m */ = {isa = PBXFileReference; fileEncoding = 4; lastKnownFileType = sourcecode.c.objc; path = iTetPlayerTeamMessage.m; sourceTree = "<group>"; };
		6AEBBF23113F25A6003C997B /* iTetWinlistMessage.h */ = {isa = PBXFileReference; fileEncoding = 4; lastKnownFileType = sourcecode.c.h; path = iTetWinlistMessage.h; sourceTree = "<group>"; };
		6AEBBF24113F25A6003C997B /* iTetWinlistMessage.m */ = {isa = PBXFileReference; fileEncoding = 4; lastKnownFileType = sourcecode.c.objc; path = iTetWinlistMessage.m; sourceTree = "<group>"; };
		6AEBBF63113F3029003C997B /* iTetTextAttributes.h */ = {isa = PBXFileReference; fileEncoding = 4; lastKnownFileType = sourcecode.c.h; path = iTetTextAttributes.h; sourceTree = "<group>"; };
		6AEBBF64113F3029003C997B /* iTetTextAttributes.m */ = {isa = PBXFileReference; fileEncoding = 4; lastKnownFileType = sourcecode.c.objc; path = iTetTextAttributes.m; sourceTree = "<group>"; };
		6AEDB8BA10A3347C00221E69 /* NSMutableDictionary+KeyBindings.h */ = {isa = PBXFileReference; fileEncoding = 4; lastKnownFileType = sourcecode.c.h; path = "NSMutableDictionary+KeyBindings.h"; sourceTree = "<group>"; };
		6AEDB8BB10A3347C00221E69 /* NSMutableDictionary+KeyBindings.m */ = {isa = PBXFileReference; fileEncoding = 4; lastKnownFileType = sourcecode.c.objc; path = "NSMutableDictionary+KeyBindings.m"; sourceTree = "<group>"; };
		6AEFEEBE11207BE6006A89CA /* iTetWinlistViewController.h */ = {isa = PBXFileReference; fileEncoding = 4; lastKnownFileType = sourcecode.c.h; path = iTetWinlistViewController.h; sourceTree = "<group>"; };
		6AEFEEBF11207BE6006A89CA /* iTetWinlistViewController.m */ = {isa = PBXFileReference; fileEncoding = 4; lastKnownFileType = sourcecode.c.objc; path = iTetWinlistViewController.m; sourceTree = "<group>"; };
		6AEFEEC511207D51006A89CA /* iTetWinlistEntry.h */ = {isa = PBXFileReference; fileEncoding = 4; lastKnownFileType = sourcecode.c.h; path = iTetWinlistEntry.h; sourceTree = "<group>"; };
		6AEFEEC611207D51006A89CA /* iTetWinlistEntry.m */ = {isa = PBXFileReference; fileEncoding = 4; lastKnownFileType = sourcecode.c.objc; path = iTetWinlistEntry.m; sourceTree = "<group>"; };
		6AF511D4104860DB00D0B020 /* iTetLocalFieldView.h */ = {isa = PBXFileReference; fileEncoding = 4; lastKnownFileType = sourcecode.c.h; path = iTetLocalFieldView.h; sourceTree = "<group>"; };
		6AF511D5104860DB00D0B020 /* iTetLocalFieldView.m */ = {isa = PBXFileReference; fileEncoding = 4; lastKnownFileType = sourcecode.c.objc; path = iTetLocalFieldView.m; sourceTree = "<group>"; };
		6AF76B2E116D684E006776C1 /* iTetChannelListEntryMessage.h */ = {isa = PBXFileReference; fileEncoding = 4; lastKnownFileType = sourcecode.c.h; path = iTetChannelListEntryMessage.h; sourceTree = "<group>"; };
		6AF76B2F116D684E006776C1 /* iTetChannelListEntryMessage.m */ = {isa = PBXFileReference; fileEncoding = 4; lastKnownFileType = sourcecode.c.objc; path = iTetChannelListEntryMessage.m; sourceTree = "<group>"; };
		6AF76B31116D77B9006776C1 /* iTetMessage+ChannelMessageFactory.h */ = {isa = PBXFileReference; fileEncoding = 4; lastKnownFileType = sourcecode.c.h; path = "iTetMessage+ChannelMessageFactory.h"; sourceTree = "<group>"; };
		6AF76B32116D77B9006776C1 /* iTetMessage+ChannelMessageFactory.m */ = {isa = PBXFileReference; fileEncoding = 4; lastKnownFileType = sourcecode.c.objc; path = "iTetMessage+ChannelMessageFactory.m"; sourceTree = "<group>"; };
		6AF76B36116D825B006776C1 /* iTetQueryResponseTerminatorMessage.h */ = {isa = PBXFileReference; fileEncoding = 4; lastKnownFileType = sourcecode.c.h; path = iTetQueryResponseTerminatorMessage.h; sourceTree = "<group>"; };
		6AF76B37116D825B006776C1 /* iTetQueryResponseTerminatorMessage.m */ = {isa = PBXFileReference; fileEncoding = 4; lastKnownFileType = sourcecode.c.objc; path = iTetQueryResponseTerminatorMessage.m; sourceTree = "<group>"; };
		6AF8A8FB114414DC0096D55F /* iTetPauseResumeGameMessage.h */ = {isa = PBXFileReference; fileEncoding = 4; lastKnownFileType = sourcecode.c.h; path = iTetPauseResumeGameMessage.h; sourceTree = "<group>"; };
		6AF8A8FC114414DC0096D55F /* iTetPauseResumeGameMessage.m */ = {isa = PBXFileReference; fileEncoding = 4; lastKnownFileType = sourcecode.c.objc; path = iTetPauseResumeGameMessage.m; sourceTree = "<group>"; };
		6AF8A8FE1144178A0096D55F /* iTetEndGameMessage.h */ = {isa = PBXFileReference; fileEncoding = 4; lastKnownFileType = sourcecode.c.h; path = iTetEndGameMessage.h; sourceTree = "<group>"; };
		6AF8A8FF1144178A0096D55F /* iTetEndGameMessage.m */ = {isa = PBXFileReference; fileEncoding = 4; lastKnownFileType = sourcecode.c.objc; path = iTetEndGameMessage.m; sourceTree = "<group>"; };
		6AF8A907114419480096D55F /* iTetPlayerLostMessage.h */ = {isa = PBXFileReference; fileEncoding = 4; lastKnownFileType = sourcecode.c.h; path = iTetPlayerLostMessage.h; sourceTree = "<group>"; };
		6AF8A908114419480096D55F /* iTetPlayerLostMessage.m */ = {isa = PBXFileReference; fileEncoding = 4; lastKnownFileType = sourcecode.c.objc; path = iTetPlayerLostMessage.m; sourceTree = "<group>"; };
		6AFA9134113F16F400300F33 /* NSString+MessageData.h */ = {isa = PBXFileReference; fileEncoding = 4; lastKnownFileType = sourcecode.c.h; path = "NSString+MessageData.h"; sourceTree = "<group>"; };
		6AFA9135113F16F400300F33 /* NSString+MessageData.m */ = {isa = PBXFileReference; fileEncoding = 4; lastKnownFileType = sourcecode.c.objc; path = "NSString+MessageData.m"; sourceTree = "<group>"; };
		6AFBE88A10AC6373008336EC /* iTetKeyNamePair.h */ = {isa = PBXFileReference; fileEncoding = 4; lastKnownFileType = sourcecode.c.h; path = iTetKeyNamePair.h; sourceTree = "<group>"; };
		6AFBE88B10AC6373008336EC /* iTetKeyNamePair.m */ = {isa = PBXFileReference; fileEncoding = 4; lastKnownFileType = sourcecode.c.objc; path = iTetKeyNamePair.m; sourceTree = "<group>"; };
		6AFCE0F4108771310090F3DF /* iTetSpecials.m */ = {isa = PBXFileReference; fileEncoding = 4; lastKnownFileType = sourcecode.c.objc; path = iTetSpecials.m; sourceTree = "<group>"; };
		6AFCE0F7108772B10090F3DF /* iTetSpecialNameTransformer.h */ = {isa = PBXFileReference; fileEncoding = 4; lastKnownFileType = sourcecode.c.h; path = iTetSpecialNameTransformer.h; sourceTree = "<group>"; };
		6AFCE0F8108772B10090F3DF /* iTetSpecialNameTransformer.m */ = {isa = PBXFileReference; fileEncoding = 4; lastKnownFileType = sourcecode.c.objc; path = iTetSpecialNameTransformer.m; sourceTree = "<group>"; };
		6AFDE347100AA7E900BED4A0 /* NSData+SingleByte.h */ = {isa = PBXFileReference; fileEncoding = 4; lastKnownFileType = sourcecode.c.h; path = "NSData+SingleByte.h"; sourceTree = "<group>"; };
		6AFDE348100AA7E900BED4A0 /* NSData+SingleByte.m */ = {isa = PBXFileReference; fileEncoding = 4; lastKnownFileType = sourcecode.c.objc; path = "NSData+SingleByte.m"; sourceTree = "<group>"; };
		8D1107310486CEB800E47090 /* Info.plist */ = {isa = PBXFileReference; fileEncoding = 4; lastKnownFileType = text.plist.xml; path = Info.plist; sourceTree = "<group>"; };
		8D1107320486CEB800E47090 /* iTetrinet.app */ = {isa = PBXFileReference; explicitFileType = wrapper.application; includeInIndex = 0; path = iTetrinet.app; sourceTree = BUILT_PRODUCTS_DIR; };
/* End PBXFileReference section */

/* Begin PBXFrameworksBuildPhase section */
		8D11072E0486CEB800E47090 /* Frameworks */ = {
			isa = PBXFrameworksBuildPhase;
			buildActionMask = 2147483647;
			files = (
				8D11072F0486CEB800E47090 /* Cocoa.framework in Frameworks */,
				6A2687D8114F152D007B1420 /* CoreServices.framework in Frameworks */,
			);
			runOnlyForDeploymentPostprocessing = 0;
		};
/* End PBXFrameworksBuildPhase section */

/* Begin PBXGroup section */
		080E96DDFE201D6D7F000001 /* Classes */ = {
			isa = PBXGroup;
			children = (
				6A96B57810098E97003D353E /* Model */,
				6A96B57A10098ED8003D353E /* View */,
				6A96B57C10098F29003D353E /* Controller */,
				6AFDE346100AA7C600BED4A0 /* Miscellaneous */,
			);
			name = Classes;
			sourceTree = "<group>";
		};
		1058C7A0FEA54F0111CA2CBB /* Linked Frameworks */ = {
			isa = PBXGroup;
			children = (
				1058C7A1FEA54F0111CA2CBB /* Cocoa.framework */,
				6A2687D7114F152D007B1420 /* CoreServices.framework */,
			);
			name = "Linked Frameworks";
			sourceTree = "<group>";
		};
		1058C7A2FEA54F0111CA2CBB /* Other Frameworks */ = {
			isa = PBXGroup;
			children = (
				29B97324FDCFA39411CA2CEA /* AppKit.framework */,
				13E42FB307B3F0F600E4EEF1 /* CoreData.framework */,
				29B97325FDCFA39411CA2CEA /* Foundation.framework */,
			);
			name = "Other Frameworks";
			sourceTree = "<group>";
		};
		19C28FACFE9D520D11CA2CBB /* Products */ = {
			isa = PBXGroup;
			children = (
				8D1107320486CEB800E47090 /* iTetrinet.app */,
			);
			name = Products;
			sourceTree = "<group>";
		};
		29B97314FDCFA39411CA2CEA /* iTetrinet */ = {
			isa = PBXGroup;
			children = (
				080E96DDFE201D6D7F000001 /* Classes */,
				29B97315FDCFA39411CA2CEA /* Other Sources */,
				29B97317FDCFA39411CA2CEA /* Resources */,
				29B97323FDCFA39411CA2CEA /* Frameworks */,
				19C28FACFE9D520D11CA2CBB /* Products */,
			);
			name = iTetrinet;
			sourceTree = "<group>";
		};
		29B97315FDCFA39411CA2CEA /* Other Sources */ = {
			isa = PBXGroup;
			children = (
				32CA4F630368D1EE00C91783 /* iTetrinet_Prefix.pch */,
				29B97316FDCFA39411CA2CEA /* main.m */,
			);
			name = "Other Sources";
			sourceTree = "<group>";
		};
		29B97317FDCFA39411CA2CEA /* Resources */ = {
			isa = PBXGroup;
			children = (
				6A8EEEDF115439020050339E /* Credits.rtf */,
				6A96B59710099001003D353E /* Images */,
				6A96B5981009900C003D353E /* Themes */,
				8D1107310486CEB800E47090 /* Info.plist */,
				089C165CFE840E0CC02AAC07 /* InfoPlist.strings */,
				1DDD58140DA1D0A300B32029 /* MainMenu.xib */,
				6AB76D6E101D150000734661 /* PreferencesWindow.xib */,
				6AB76DAD101D178800734661 /* GeneralPrefsView.xib */,
				6AB76DB0101D17AE00734661 /* ThemesPrefsView.xib */,
				6AB76DB6101D17EE00734661 /* ServersPrefsView.xib */,
				6AEB7F7F10891E4000A8BCFD /* KeyboardPrefsView.xib */,
			);
			name = Resources;
			sourceTree = "<group>";
		};
		29B97323FDCFA39411CA2CEA /* Frameworks */ = {
			isa = PBXGroup;
			children = (
				1058C7A0FEA54F0111CA2CBB /* Linked Frameworks */,
				1058C7A2FEA54F0111CA2CBB /* Other Frameworks */,
			);
			name = Frameworks;
			sourceTree = "<group>";
		};
		6A26868F114F0EB5007B1420 /* AsyncSocket */ = {
			isa = PBXGroup;
			children = (
				6A268690114F0EC5007B1420 /* AsyncSocket.h */,
				6A268691114F0EC5007B1420 /* AsyncSocket.m */,
			);
			name = AsyncSocket;
			sourceTree = "<group>";
		};
		6A29DC8810BB46130054D353 /* Superclass */ = {
			isa = PBXGroup;
			children = (
				6A29DC8210BB44040054D353 /* iTetPreferencesViewController.h */,
				6A29DC8310BB44040054D353 /* iTetPreferencesViewController.m */,
			);
			name = Superclass;
			sourceTree = "<group>";
		};
		6A3ACC5110B7C7B900459D97 /* NSValueTransformer Subclasses */ = {
			isa = PBXGroup;
			children = (
				6AE061A0116EAFB200B59BFD /* iTetGameStateImageTransformer.h */,
				6AE061A1116EAFB200B59BFD /* iTetGameStateImageTransformer.m */,
				6AC2397A1044A5D0006D3C83 /* iTetProtocolTransformer.h */,
				6AC2397B1044A5D0006D3C83 /* iTetProtocolTransformer.m */,
				6AFCE0F7108772B10090F3DF /* iTetSpecialNameTransformer.h */,
				6AFCE0F8108772B10090F3DF /* iTetSpecialNameTransformer.m */,
				6A0B2EA51124B2890065BFA0 /* iTetWinlistEntryTypeImageTransformer.h */,
				6A0B2EA61124B2890065BFA0 /* iTetWinlistEntryTypeImageTransformer.m */,
			);
			name = "NSValueTransformer Subclasses";
			sourceTree = "<group>";
		};
		6A3ACC5210B7C7CC00459D97 /* Key Image Caching */ = {
			isa = PBXGroup;
			children = (
				6A3ACC4610B7C49500459D97 /* NSImage+KeyImageCache.h */,
				6A3ACC4710B7C49500459D97 /* NSImage+KeyImageCache.m */,
				6A3ACC5310B7C85A00459D97 /* IPSCacheDictionary.h */,
				6A3ACC5410B7C85A00459D97 /* IPSCacheDictionary.m */,
			);
			name = "Key Image Caching";
			sourceTree = "<group>";
		};
		6A4A3749101BB32500F27DE9 /* View Controllers */ = {
			isa = PBXGroup;
			children = (
				6A4A375E101BB3E000F27DE9 /* iTetChatViewController.h */,
				6A4A375F101BB3E000F27DE9 /* iTetChatViewController.m */,
				6A3DD0E9116E3A400047B881 /* iTetChannelsViewController.h */,
				6A3DD0EA116E3A400047B881 /* iTetChannelsViewController.m */,
				6ACC223D107D0CE7006768C0 /* iTetGameViewController.h */,
				6ACC223E107D0CE7006768C0 /* iTetGameViewController.m */,
				6AEFEEBF11207BE6006A89CA /* iTetWinlistViewController.m */,
				6AEFEEBE11207BE6006A89CA /* iTetWinlistViewController.h */,
			);
			name = "View Controllers";
			sourceTree = "<group>";
		};
		6A4D91541112695B0052BC28 /* Players */ = {
			isa = PBXGroup;
			children = (
				6A96B56010098E88003D353E /* iTetPlayer.h */,
				6A96B56110098E88003D353E /* iTetPlayer.m */,
				6A4D9155111269700052BC28 /* iTetLocalPlayer.h */,
				6A4D9156111269700052BC28 /* iTetLocalPlayer.m */,
				6A1042D6116C47AF007438B9 /* iTetServerPlayer.h */,
				6A1042D7116C47AF007438B9 /* iTetServerPlayer.m */,
			);
			name = Players;
			sourceTree = "<group>";
		};
		6A772C491020011F00AAA2B8 /* Array Controllers */ = {
			isa = PBXGroup;
			children = (
				6A772C4A1020014200AAA2B8 /* iTetThemesArrayController.h */,
				6A772C4B1020014200AAA2B8 /* iTetThemesArrayController.m */,
			);
			name = "Array Controllers";
			sourceTree = "<group>";
		};
		6A8B72FB107F9C5A00F82C44 /* Local Player's Views */ = {
			isa = PBXGroup;
			children = (
				6AF511D4104860DB00D0B020 /* iTetLocalFieldView.h */,
				6AF511D5104860DB00D0B020 /* iTetLocalFieldView.m */,
				6A29233B100BED350008A3C3 /* iTetNextBlockView.h */,
				6A29233C100BED350008A3C3 /* iTetNextBlockView.m */,
				6A96B56510098E88003D353E /* iTetSpecialsView.h */,
				6A96B56610098E88003D353E /* iTetSpecialsView.m */,
			);
			name = "Local Player's Views";
			sourceTree = "<group>";
		};
		6A934974100C44D700A7CF51 /* Themed Views */ = {
			isa = PBXGroup;
			children = (
				6A2923CD100BFB7A0008A3C3 /* iTetThemedView.h */,
				6A2923CE100BFB7A0008A3C3 /* iTetThemedView.m */,
				6A96B55C10098E88003D353E /* iTetFieldView.h */,
				6A96B55D10098E88003D353E /* iTetFieldView.m */,
				6A8B72FB107F9C5A00F82C44 /* Local Player's Views */,
			);
			name = "Themed Views";
			sourceTree = "<group>";
		};
		6A96B57810098E97003D353E /* Model */ = {
			isa = PBXGroup;
			children = (
				6ACA39A6113D88890026924D /* Messages */,
				6A4D91541112695B0052BC28 /* Players */,
				6A96B57910098EAC003D353E /* Game Objects */,
				6AFBE88910AC634C008336EC /* Key Bindings */,
				6AEBBF5D113F2F81003C997B /* Text Attributes */,
				6A96B55E10098E88003D353E /* iTetChannelInfo.h */,
				6A96B55F10098E88003D353E /* iTetChannelInfo.m */,
				6A96B56210098E88003D353E /* iTetServerInfo.h */,
				6A96B56310098E88003D353E /* iTetServerInfo.m */,
				6A96B56710098E88003D353E /* iTetTheme.h */,
				6A96B56810098E88003D353E /* iTetTheme.m */,
				6AEFEEC511207D51006A89CA /* iTetWinlistEntry.h */,
				6AEFEEC611207D51006A89CA /* iTetWinlistEntry.m */,
				6AE061A3116EB19C00B59BFD /* iTetGameplayState.h */,
			);
			name = Model;
			sourceTree = "<group>";
		};
		6A96B57910098EAC003D353E /* Game Objects */ = {
			isa = PBXGroup;
			children = (
				6A739806106AB12600F51BF5 /* iTetGameRules.h */,
				6A739807106AB12600F51BF5 /* iTetGameRules.m */,
				6A96B55A10098E88003D353E /* iTetField.h */,
				6A96B55B10098E88003D353E /* iTetField.m */,
				6A96B55810098E88003D353E /* iTetBlock.h */,
				6A96B55910098E88003D353E /* iTetBlock.m */,
				6A96B56410098E88003D353E /* iTetSpecials.h */,
				6AFCE0F4108771310090F3DF /* iTetSpecials.m */,
			);
			name = "Game Objects";
			sourceTree = "<group>";
		};
		6A96B57A10098ED8003D353E /* View */ = {
			isa = PBXGroup;
			children = (
				6A934974100C44D700A7CF51 /* Themed Views */,
				6A96B55610098E88003D353E /* iTetBlock+Drawing.h */,
				6A96B55710098E88003D353E /* iTetBlock+Drawing.m */,
				6AEB7F7A10891D7C00A8BCFD /* iTetKeyView.h */,
				6AEB7F7B10891D7C00A8BCFD /* iTetKeyView.m */,
				6ACE517D115FB47C00F394BE /* IPSScalableLevelIndicator.h */,
				6ACE517E115FB47C00F394BE /* IPSScalableLevelIndicator.m */,
			);
			name = View;
			sourceTree = "<group>";
		};
		6A96B57C10098F29003D353E /* Controller */ = {
			isa = PBXGroup;
			children = (
				6A772C491020011F00AAA2B8 /* Array Controllers */,
				6AB76D51101D141700734661 /* Preferences Window Controllers */,
				6A4A3749101BB32500F27DE9 /* View Controllers */,
				6A7DC20E115047080068584D /* iTetWindowController.h */,
				6A7DC20F115047080068584D /* iTetWindowController.m */,
				6A2687D2114F131A007B1420 /* iTetPlayersController.h */,
				6A2687D3114F131A007B1420 /* iTetPlayersController.m */,
				6A96B5F8100992F1003D353E /* iTetNetworkController.h */,
				6A96B5F9100992F1003D353E /* iTetNetworkController.m */,
				6A2922AC100BE5CF0008A3C3 /* iTetPreferencesController.h */,
				6A2922AD100BE5CF0008A3C3 /* iTetPreferencesController.m */,
				6A39FB0D111FB346000373E2 /* iTetTextAttributesController.h */,
				6A39FB0E111FB346000373E2 /* iTetTextAttributesController.m */,
			);
			name = Controller;
			sourceTree = "<group>";
		};
		6A96B59710099001003D353E /* Images */ = {
			isa = PBXGroup;
			children = (
				6A96B58C10098FFD003D353E /* Network.png */,
				6A96B58A10098FFD003D353E /* Cancel Red Button.png */,
				6A96B58B10098FFD003D353E /* Eject Blue Button.png */,
				6A96B58D10098FFD003D353E /* Play Green Button.png */,
				6A96B58E10098FFD003D353E /* Stop Red Button.png */,
				6A5F2687111CC9AC00DD63DA /* Minus Red Button.png */,
				6AC7653C10CDB86B005B98E1 /* Pause Blue Button.png */,
				6AC7653D10CDB86B005B98E1 /* Play Blue Button.png */,
				6A01A20E116F8E4400D3AE22 /* State Icon Pause.png */,
				6A01A20F116F8E4400D3AE22 /* State Icon Play.png */,
				6A01A210116F8E4400D3AE22 /* State Icon Stop.png */,
			);
			name = Images;
			sourceTree = "<group>";
		};
		6A96B5981009900C003D353E /* Themes */ = {
			isa = PBXGroup;
			children = (
				6A96B58F10098FFD003D353E /* theme.cfg */,
				6A12A26610E4A03400EA67B7 /* iTetBlocks.png */,
				6A1851A610E7394000A29E0F /* theme_white.cfg */,
				6A1851A510E7394000A29E0F /* iTetBlocks_White.png */,
				6ADDDB3A111A86C9004EEE61 /* theme_mono.cfg */,
				6ADDDB39111A86C9004EEE61 /* iTetBlocks_Mono.png */,
				6A12A26510E4A03400EA67B7 /* gTetrinetTheme.cfg */,
				6A12A26410E4A03400EA67B7 /* gtetblocks.png */,
			);
			name = Themes;
			sourceTree = "<group>";
		};
		6AB76D51101D141700734661 /* Preferences Window Controllers */ = {
			isa = PBXGroup;
			children = (
				6AB76D54101D145000734661 /* iTetPreferencesWindowController.h */,
				6AB76D55101D145000734661 /* iTetPreferencesWindowController.m */,
				6AB76D6C101D148C00734661 /* View Controllers */,
			);
			name = "Preferences Window Controllers";
			sourceTree = "<group>";
		};
		6AB76D6C101D148C00734661 /* View Controllers */ = {
			isa = PBXGroup;
			children = (
				6A29DC8810BB46130054D353 /* Superclass */,
				6AB76D52101D145000734661 /* iTetGeneralPrefsViewController.h */,
				6AB76D53101D145000734661 /* iTetGeneralPrefsViewController.m */,
				6AEB7F841089218C00A8BCFD /* iTetKeyboardViewController.h */,
				6AEB7F831089218C00A8BCFD /* iTetKeyboardViewController.m */,
				6AB76D58101D145000734661 /* iTetThemesViewController.h */,
				6AB76D59101D145000734661 /* iTetThemesViewController.m */,
				6AB76D56101D145000734661 /* iTetServersViewController.h */,
				6AB76D57101D145000734661 /* iTetServersViewController.m */,
			);
			name = "View Controllers";
			sourceTree = "<group>";
		};
		6AC96DB6113EEFBF00D915B5 /* Connection Handling */ = {
			isa = PBXGroup;
			children = (
				6AC96DA7113EE3FC00D915B5 /* iTetLoginMessage.h */,
				6AC96DA8113EE3FC00D915B5 /* iTetLoginMessage.m */,
				6AC96DB9113EFB5C00D915B5 /* iTetNoConnectingMessage.h */,
				6AC96DBA113EFB5C00D915B5 /* iTetNoConnectingMessage.m */,
				6AC96DE8113F0CE500D915B5 /* iTetClientInfoRequestMessage.h */,
				6AC96DE9113F0CE500D915B5 /* iTetClientInfoRequestMessage.m */,
				6AC96DB3113EEEA400D915B5 /* iTetClientInfoReplyMessage.h */,
				6AC96DB4113EEEA400D915B5 /* iTetClientInfoReplyMessage.m */,
				6AC96DC0113F095700D915B5 /* iTetHeartbeatMessage.h */,
				6AC96DC1113F095700D915B5 /* iTetHeartbeatMessage.m */,
			);
			name = "Connection Handling";
			sourceTree = "<group>";
		};
		6AC96E07113F103800D915B5 /* Player Status */ = {
			isa = PBXGroup;
			children = (
				6AC96E0A113F106F00D915B5 /* iTetPlayerNumberMessage.h */,
				6AC96E0B113F106F00D915B5 /* iTetPlayerNumberMessage.m */,
				6AC96E17113F131000D915B5 /* iTetPlayerJoinMessage.h */,
				6AC96E18113F131000D915B5 /* iTetPlayerJoinMessage.m */,
				6AEBBF19113F1C8F003C997B /* iTetPlayerLeaveMessage.h */,
				6AEBBF1A113F1C8F003C997B /* iTetPlayerLeaveMessage.m */,
				6AEBBF1C113F1DD8003C997B /* iTetPlayerTeamMessage.h */,
				6AEBBF1D113F1DD8003C997B /* iTetPlayerTeamMessage.m */,
				6AEBBF23113F25A6003C997B /* iTetWinlistMessage.h */,
				6AEBBF24113F25A6003C997B /* iTetWinlistMessage.m */,
			);
			name = "Player Status";
			sourceTree = "<group>";
		};
		6ACA39A6113D88890026924D /* Messages */ = {
			isa = PBXGroup;
			children = (
				6ACA39AF113D8C480026924D /* Superclass */,
				6AC96DB6113EEFBF00D915B5 /* Connection Handling */,
				6AC96E07113F103800D915B5 /* Player Status */,
				6AEBBF7A113F357C003C997B /* Chat */,
				6AE81929116CDFA5006BEF0A /* Channels */,
				6AF8A8FA114414A80096D55F /* Game State */,
				6AD81AEB11402DEA00522D05 /* Gameplay */,
			);
			name = Messages;
			sourceTree = "<group>";
		};
		6ACA39AF113D8C480026924D /* Superclass */ = {
			isa = PBXGroup;
			children = (
				6ACA39AC113D88A60026924D /* iTetMessage.h */,
				6ACA39AD113D88A60026924D /* iTetMessage.m */,
				6A09E3CB114899660063F2A1 /* iTetMessage+ClassFactory.h */,
				6A09E3CC114899660063F2A1 /* iTetMessage+ClassFactory.m */,
				6A127B7D1148AB1900747A7C /* iTetIncomingMessages.h */,
				6A127B7E1148AB4C00747A7C /* iTetOutgoingMessages.h */,
			);
			name = Superclass;
			sourceTree = "<group>";
		};
		6AD81AEB11402DEA00522D05 /* Gameplay */ = {
			isa = PBXGroup;
			children = (
				6A7997FE1140CB38005C3093 /* iTetFieldstringMessage.h */,
				6A7997FF1140CB38005C3093 /* iTetFieldstringMessage.m */,
				6A02B4401141456200FB22CE /* iTetLevelUpdateMessage.h */,
				6A02B4411141456200FB22CE /* iTetLevelUpdateMessage.m */,
				6A02B47011414B2D00FB22CE /* iTetSpecialMessage.h */,
				6A02B47111414B2D00FB22CE /* iTetSpecialMessage.m */,
				6AF8A907114419480096D55F /* iTetPlayerLostMessage.h */,
				6AF8A908114419480096D55F /* iTetPlayerLostMessage.m */,
				6A09E3A21148799D0063F2A1 /* iTetPlayerWonMessage.h */,
				6A09E3A31148799D0063F2A1 /* iTetPlayerWonMessage.m */,
			);
			name = Gameplay;
			sourceTree = "<group>";
		};
		6AE81929116CDFA5006BEF0A /* Channels */ = {
			isa = PBXGroup;
			children = (
				6AF76B31116D77B9006776C1 /* iTetMessage+ChannelMessageFactory.h */,
				6AF76B32116D77B9006776C1 /* iTetMessage+ChannelMessageFactory.m */,
				6AE8192C116CDFC4006BEF0A /* iTetChannelListQueryMessage.h */,
				6AE8192D116CDFC4006BEF0A /* iTetChannelListQueryMessage.m */,
				6AF76B2E116D684E006776C1 /* iTetChannelListEntryMessage.h */,
				6AF76B2F116D684E006776C1 /* iTetChannelListEntryMessage.m */,
				6AF76B36116D825B006776C1 /* iTetQueryResponseTerminatorMessage.h */,
				6AF76B37116D825B006776C1 /* iTetQueryResponseTerminatorMessage.m */,
				6A612AF911721BF3008B9EE2 /* iTetJoinChannelMessage.h */,
				6A612AFA11721BF3008B9EE2 /* iTetJoinChannelMessage.m */,
			);
			name = Channels;
			sourceTree = "<group>";
		};
		6AEBBF18113F1C1D003C997B /* Utility Categories */ = {
			isa = PBXGroup;
			children = (
				6A6957E81121214C00B01FB6 /* NSColor+Comparisons.h */,
				6A6957E91121214C00B01FB6 /* NSColor+Comparisons.m */,
				6A387E31113F4D0C0074A5F6 /* NSData+Subdata.h */,
				6A387E32113F4D0C0074A5F6 /* NSData+Subdata.m */,
				6AFDE347100AA7E900BED4A0 /* NSData+SingleByte.h */,
				6AFDE348100AA7E900BED4A0 /* NSData+SingleByte.m */,
				6AFA9134113F16F400300F33 /* NSString+MessageData.h */,
				6AFA9135113F16F400300F33 /* NSString+MessageData.m */,
			);
			name = "Utility Categories";
			sourceTree = "<group>";
		};
		6AEBBF5D113F2F81003C997B /* Text Attributes */ = {
			isa = PBXGroup;
			children = (
				6AC7E21311556A4D00CE5383 /* NSAttributedString+TetrinetTextAttributes.h */,
				6AC7E21411556A4D00CE5383 /* NSAttributedString+TetrinetTextAttributes.m */,
				6AEBBF63113F3029003C997B /* iTetTextAttributes.h */,
				6AEBBF64113F3029003C997B /* iTetTextAttributes.m */,
			);
			name = "Text Attributes";
			sourceTree = "<group>";
		};
		6AEBBF7A113F357C003C997B /* Chat */ = {
			isa = PBXGroup;
			children = (
				6AD81AD711401E4500522D05 /* iTetPlineChatMessage.h */,
				6AD81AD811401E4500522D05 /* iTetPlineChatMessage.m */,
				6A09E3B1114889360063F2A1 /* iTetPlineActionMessage.h */,
				6A09E3B2114889360063F2A1 /* iTetPlineActionMessage.m */,
				6AD81ADC114021DF00522D05 /* iTetGameChatMessage.h */,
				6AD81ADD114021DF00522D05 /* iTetGameChatMessage.m */,
			);
			name = Chat;
			sourceTree = "<group>";
		};
		6AF8A8FA114414A80096D55F /* Game State */ = {
			isa = PBXGroup;
			children = (
				6AD81AEC11402E4600522D05 /* iTetStartStopGameMessage.h */,
				6AD81AED11402E4600522D05 /* iTetStartStopGameMessage.m */,
				6A7997E6114074D8005C3093 /* iTetNewGameMessage.h */,
				6A7997E7114074D8005C3093 /* iTetNewGameMessage.m */,
				6A7997F71140C9A7005C3093 /* iTetInGameMessage.h */,
				6A7997F81140C9A7005C3093 /* iTetInGameMessage.m */,
				6AF8A8FB114414DC0096D55F /* iTetPauseResumeGameMessage.h */,
				6AF8A8FC114414DC0096D55F /* iTetPauseResumeGameMessage.m */,
				6AF8A8FE1144178A0096D55F /* iTetEndGameMessage.h */,
				6AF8A8FF1144178A0096D55F /* iTetEndGameMessage.m */,
			);
			name = "Game State";
			sourceTree = "<group>";
		};
		6AFBE88910AC634C008336EC /* Key Bindings */ = {
			isa = PBXGroup;
			children = (
				6AFBE88A10AC6373008336EC /* iTetKeyNamePair.h */,
				6AFBE88B10AC6373008336EC /* iTetKeyNamePair.m */,
				6A05EE0E10B5A94D0002F86E /* iTetKeyActions.h */,
				6A05EE0F10B5A94D0002F86E /* iTetKeyActions.m */,
				6AEDB8BA10A3347C00221E69 /* NSMutableDictionary+KeyBindings.h */,
				6AEDB8BB10A3347C00221E69 /* NSMutableDictionary+KeyBindings.m */,
			);
			name = "Key Bindings";
			sourceTree = "<group>";
		};
		6AFDE346100AA7C600BED4A0 /* Miscellaneous */ = {
			isa = PBXGroup;
			children = (
				6A26868F114F0EB5007B1420 /* AsyncSocket */,
				6A3ACC5210B7C7CC00459D97 /* Key Image Caching */,
				6A3ACC5110B7C7B900459D97 /* NSValueTransformer Subclasses */,
				6AEBBF18113F1C1D003C997B /* Utility Categories */,
			);
			name = Miscellaneous;
			sourceTree = "<group>";
		};
/* End PBXGroup section */

/* Begin PBXNativeTarget section */
		8D1107260486CEB800E47090 /* iTetrinet */ = {
			isa = PBXNativeTarget;
			buildConfigurationList = C01FCF4A08A954540054247B /* Build configuration list for PBXNativeTarget "iTetrinet" */;
			buildPhases = (
				8D1107290486CEB800E47090 /* Resources */,
				8D11072C0486CEB800E47090 /* Sources */,
				8D11072E0486CEB800E47090 /* Frameworks */,
			);
			buildRules = (
			);
			dependencies = (
			);
			name = iTetrinet;
			productInstallPath = "$(HOME)/Applications";
			productName = iTetrinet;
			productReference = 8D1107320486CEB800E47090 /* iTetrinet.app */;
			productType = "com.apple.product-type.application";
		};
/* End PBXNativeTarget section */

/* Begin PBXProject section */
		29B97313FDCFA39411CA2CEA /* Project object */ = {
			isa = PBXProject;
			buildConfigurationList = C01FCF4E08A954540054247B /* Build configuration list for PBXProject "iTetrinet" */;
			compatibilityVersion = "Xcode 3.1";
			hasScannedForEncodings = 1;
			mainGroup = 29B97314FDCFA39411CA2CEA /* iTetrinet */;
			projectDirPath = "";
			projectRoot = "";
			targets = (
				8D1107260486CEB800E47090 /* iTetrinet */,
			);
		};
/* End PBXProject section */

/* Begin PBXResourcesBuildPhase section */
		8D1107290486CEB800E47090 /* Resources */ = {
			isa = PBXResourcesBuildPhase;
			buildActionMask = 2147483647;
			files = (
				8D11072B0486CEB800E47090 /* InfoPlist.strings in Resources */,
				1DDD58160DA1D0A300B32029 /* MainMenu.xib in Resources */,
				6A96B59110098FFD003D353E /* Cancel Red Button.png in Resources */,
				6A96B59210098FFD003D353E /* Eject Blue Button.png in Resources */,
				6A96B59310098FFD003D353E /* Network.png in Resources */,
				6A96B59410098FFD003D353E /* Play Green Button.png in Resources */,
				6A96B59510098FFD003D353E /* Stop Red Button.png in Resources */,
				6A96B59610098FFD003D353E /* theme.cfg in Resources */,
				6AB76D6F101D150000734661 /* PreferencesWindow.xib in Resources */,
				6AB76DAE101D178800734661 /* GeneralPrefsView.xib in Resources */,
				6AB76DB1101D17AE00734661 /* ThemesPrefsView.xib in Resources */,
				6AB76DB7101D17EE00734661 /* ServersPrefsView.xib in Resources */,
				6AEB7F8010891E4000A8BCFD /* KeyboardPrefsView.xib in Resources */,
				6AC7653E10CDB86B005B98E1 /* Pause Blue Button.png in Resources */,
				6AC7653F10CDB86B005B98E1 /* Play Blue Button.png in Resources */,
				6A12A26710E4A03400EA67B7 /* gtetblocks.png in Resources */,
				6A12A26810E4A03400EA67B7 /* gTetrinetTheme.cfg in Resources */,
				6A12A26910E4A03400EA67B7 /* iTetBlocks.png in Resources */,
				6A1851A710E7394000A29E0F /* iTetBlocks_White.png in Resources */,
				6A1851A810E7394000A29E0F /* theme_white.cfg in Resources */,
				6ADDDB3B111A86C9004EEE61 /* iTetBlocks_Mono.png in Resources */,
				6ADDDB3C111A86C9004EEE61 /* theme_mono.cfg in Resources */,
				6A5F2688111CC9AC00DD63DA /* Minus Red Button.png in Resources */,
				6A8EEEE1115439020050339E /* Credits.rtf in Resources */,
				6A01A211116F8E4400D3AE22 /* State Icon Pause.png in Resources */,
				6A01A212116F8E4400D3AE22 /* State Icon Play.png in Resources */,
				6A01A213116F8E4400D3AE22 /* State Icon Stop.png in Resources */,
			);
			runOnlyForDeploymentPostprocessing = 0;
		};
/* End PBXResourcesBuildPhase section */

/* Begin PBXSourcesBuildPhase section */
		8D11072C0486CEB800E47090 /* Sources */ = {
			isa = PBXSourcesBuildPhase;
			buildActionMask = 2147483647;
			files = (
				8D11072D0486CEB800E47090 /* main.m in Sources */,
				6A96B56D10098E88003D353E /* iTetBlock+Drawing.m in Sources */,
				6A96B56E10098E88003D353E /* iTetBlock.m in Sources */,
				6A96B56F10098E88003D353E /* iTetField.m in Sources */,
				6A96B57010098E88003D353E /* iTetFieldView.m in Sources */,
				6A96B57110098E88003D353E /* iTetChannelInfo.m in Sources */,
				6A96B57210098E88003D353E /* iTetPlayer.m in Sources */,
				6A96B57310098E88003D353E /* iTetServerInfo.m in Sources */,
				6A96B57410098E88003D353E /* iTetSpecialsView.m in Sources */,
				6A96B57510098E88003D353E /* iTetTheme.m in Sources */,
				6A96B5FA100992F1003D353E /* iTetNetworkController.m in Sources */,
				6AFDE349100AA7E900BED4A0 /* NSData+SingleByte.m in Sources */,
				6A2922AE100BE5CF0008A3C3 /* iTetPreferencesController.m in Sources */,
				6A29233D100BED350008A3C3 /* iTetNextBlockView.m in Sources */,
				6A2923CF100BFB7A0008A3C3 /* iTetThemedView.m in Sources */,
				6A4A3760101BB3E000F27DE9 /* iTetChatViewController.m in Sources */,
				6AB76D5A101D145000734661 /* iTetGeneralPrefsViewController.m in Sources */,
				6AB76D5B101D145000734661 /* iTetPreferencesWindowController.m in Sources */,
				6AB76D5C101D145000734661 /* iTetServersViewController.m in Sources */,
				6AB76D5D101D145000734661 /* iTetThemesViewController.m in Sources */,
				6A772C4C1020014200AAA2B8 /* iTetThemesArrayController.m in Sources */,
				6AC2397C1044A5D0006D3C83 /* iTetProtocolTransformer.m in Sources */,
				6AF511D6104860DB00D0B020 /* iTetLocalFieldView.m in Sources */,
				6A739808106AB12600F51BF5 /* iTetGameRules.m in Sources */,
				6ACC223F107D0CE7006768C0 /* iTetGameViewController.m in Sources */,
				6AFCE0F5108771310090F3DF /* iTetSpecials.m in Sources */,
				6AFCE0F9108772B10090F3DF /* iTetSpecialNameTransformer.m in Sources */,
				6AEB7F7C10891D7C00A8BCFD /* iTetKeyView.m in Sources */,
				6AEB7F851089218C00A8BCFD /* iTetKeyboardViewController.m in Sources */,
				6AEDB8BC10A3347C00221E69 /* NSMutableDictionary+KeyBindings.m in Sources */,
				6AFBE88C10AC6373008336EC /* iTetKeyNamePair.m in Sources */,
				6A05EE1010B5A94D0002F86E /* iTetKeyActions.m in Sources */,
				6A3ACC4810B7C49500459D97 /* NSImage+KeyImageCache.m in Sources */,
				6A3ACC5510B7C85A00459D97 /* IPSCacheDictionary.m in Sources */,
				6A29DC8410BB44040054D353 /* iTetPreferencesViewController.m in Sources */,
				6A4D9157111269700052BC28 /* iTetLocalPlayer.m in Sources */,
				6A39FB0F111FB346000373E2 /* iTetTextAttributesController.m in Sources */,
				6AEFEEC011207BE6006A89CA /* iTetWinlistViewController.m in Sources */,
				6AEFEEC711207D51006A89CA /* iTetWinlistEntry.m in Sources */,
				6A6957EA1121214C00B01FB6 /* NSColor+Comparisons.m in Sources */,
				6A0B2EA71124B2890065BFA0 /* iTetWinlistEntryTypeImageTransformer.m in Sources */,
				6ACA39AE113D88A60026924D /* iTetMessage.m in Sources */,
				6AC96DA9113EE3FC00D915B5 /* iTetLoginMessage.m in Sources */,
				6AC96DB5113EEEA400D915B5 /* iTetClientInfoReplyMessage.m in Sources */,
				6AC96DBB113EFB5C00D915B5 /* iTetNoConnectingMessage.m in Sources */,
				6AC96DC2113F095700D915B5 /* iTetHeartbeatMessage.m in Sources */,
				6AC96DEA113F0CE500D915B5 /* iTetClientInfoRequestMessage.m in Sources */,
				6AC96E0C113F106F00D915B5 /* iTetPlayerNumberMessage.m in Sources */,
				6AC96E19113F131000D915B5 /* iTetPlayerJoinMessage.m in Sources */,
				6AFA9136113F16F400300F33 /* NSString+MessageData.m in Sources */,
				6AEBBF1B113F1C8F003C997B /* iTetPlayerLeaveMessage.m in Sources */,
				6AEBBF1E113F1DD8003C997B /* iTetPlayerTeamMessage.m in Sources */,
				6AEBBF25113F25A6003C997B /* iTetWinlistMessage.m in Sources */,
				6AEBBF65113F3029003C997B /* iTetTextAttributes.m in Sources */,
				6A387E33113F4D0C0074A5F6 /* NSData+Subdata.m in Sources */,
				6AD81AD911401E4500522D05 /* iTetPlineChatMessage.m in Sources */,
				6AD81ADE114021DF00522D05 /* iTetGameChatMessage.m in Sources */,
				6AD81AEE11402E4600522D05 /* iTetStartStopGameMessage.m in Sources */,
				6A7997E8114074D8005C3093 /* iTetNewGameMessage.m in Sources */,
				6A7997F91140C9A7005C3093 /* iTetInGameMessage.m in Sources */,
				6A7998001140CB38005C3093 /* iTetFieldstringMessage.m in Sources */,
				6A02B4421141456200FB22CE /* iTetLevelUpdateMessage.m in Sources */,
				6A02B47211414B2D00FB22CE /* iTetSpecialMessage.m in Sources */,
				6AF8A8FD114414DC0096D55F /* iTetPauseResumeGameMessage.m in Sources */,
				6AF8A9001144178A0096D55F /* iTetEndGameMessage.m in Sources */,
				6AF8A909114419480096D55F /* iTetPlayerLostMessage.m in Sources */,
				6A09E3A41148799D0063F2A1 /* iTetPlayerWonMessage.m in Sources */,
				6A09E3B3114889360063F2A1 /* iTetPlineActionMessage.m in Sources */,
				6A09E3CD114899660063F2A1 /* iTetMessage+ClassFactory.m in Sources */,
				6AC7E21511556A4D00CE5383 /* NSAttributedString+TetrinetTextAttributes.m in Sources */,
				6A268692114F0EC5007B1420 /* AsyncSocket.m in Sources */,
				6A2687D4114F131A007B1420 /* iTetPlayersController.m in Sources */,
				6A7DC210115047080068584D /* iTetWindowController.m in Sources */,
				6ACE517F115FB47C00F394BE /* IPSScalableLevelIndicator.m in Sources */,
				6A1042D8116C47AF007438B9 /* iTetServerPlayer.m in Sources */,
				6AE8192E116CDFC4006BEF0A /* iTetChannelListQueryMessage.m in Sources */,
				6AF76B30116D684E006776C1 /* iTetChannelListEntryMessage.m in Sources */,
				6AF76B33116D77B9006776C1 /* iTetMessage+ChannelMessageFactory.m in Sources */,
				6AF76B38116D825B006776C1 /* iTetQueryResponseTerminatorMessage.m in Sources */,
				6A3DD0EB116E3A400047B881 /* iTetChannelsViewController.m in Sources */,
				6AE061A2116EAFB200B59BFD /* iTetGameStateImageTransformer.m in Sources */,
				6A612AFB11721BF3008B9EE2 /* iTetJoinChannelMessage.m in Sources */,
			);
			runOnlyForDeploymentPostprocessing = 0;
		};
/* End PBXSourcesBuildPhase section */

/* Begin PBXVariantGroup section */
		089C165CFE840E0CC02AAC07 /* InfoPlist.strings */ = {
			isa = PBXVariantGroup;
			children = (
				089C165DFE840E0CC02AAC07 /* English */,
			);
			name = InfoPlist.strings;
			sourceTree = "<group>";
		};
		1DDD58140DA1D0A300B32029 /* MainMenu.xib */ = {
			isa = PBXVariantGroup;
			children = (
				1DDD58150DA1D0A300B32029 /* English */,
			);
			name = MainMenu.xib;
			sourceTree = "<group>";
		};
		6A8EEEDF115439020050339E /* Credits.rtf */ = {
			isa = PBXVariantGroup;
			children = (
				6A8EEEE0115439020050339E /* English */,
			);
			name = Credits.rtf;
			sourceTree = "<group>";
		};
/* End PBXVariantGroup section */

/* Begin XCBuildConfiguration section */
		C01FCF4B08A954540054247B /* Debug */ = {
			isa = XCBuildConfiguration;
			buildSettings = {
				ALWAYS_SEARCH_USER_PATHS = NO;
				ARCHS = "$(ARCHS_STANDARD_32_64_BIT)";
				COPY_PHASE_STRIP = NO;
				GCC_DYNAMIC_NO_PIC = NO;
				GCC_ENABLE_FIX_AND_CONTINUE = NO;
				GCC_MODEL_TUNING = G5;
				GCC_OPTIMIZATION_LEVEL = 0;
				GCC_PRECOMPILE_PREFIX_HEADER = YES;
				GCC_PREFIX_HEADER = iTetrinet_Prefix.pch;
				GCC_VERSION = "";
				INFOPLIST_FILE = Info.plist;
				INSTALL_PATH = "$(HOME)/Applications";
				ONLY_ACTIVE_ARCH = NO;
				PRODUCT_NAME = iTetrinet;
				RUN_CLANG_STATIC_ANALYZER = NO;
			};
			name = Debug;
		};
		C01FCF4C08A954540054247B /* Release */ = {
			isa = XCBuildConfiguration;
			buildSettings = {
				ALWAYS_SEARCH_USER_PATHS = NO;
				ARCHS = "$(ARCHS_STANDARD_32_64_BIT)";
				DEBUG_INFORMATION_FORMAT = "dwarf-with-dsym";
				GCC_MODEL_TUNING = G5;
				GCC_PRECOMPILE_PREFIX_HEADER = YES;
				GCC_PREFIX_HEADER = iTetrinet_Prefix.pch;
				INFOPLIST_FILE = Info.plist;
				INSTALL_PATH = "$(HOME)/Applications";
				ONLY_ACTIVE_ARCH = NO;
				PRODUCT_NAME = iTetrinet;
				RUN_CLANG_STATIC_ANALYZER = NO;
			};
			name = Release;
		};
		C01FCF4F08A954540054247B /* Debug */ = {
			isa = XCBuildConfiguration;
			buildSettings = {
				ARCHS = "$(NATIVE_ARCH_ACTUAL)";
				COPY_PHASE_STRIP = NO;
				GCC_C_LANGUAGE_STANDARD = c99;
				GCC_FAST_OBJC_DISPATCH = NO;
				GCC_OPTIMIZATION_LEVEL = 0;
				GCC_PRECOMPILE_PREFIX_HEADER = NO;
				GCC_VERSION = "";
				GCC_WARN_64_TO_32_BIT_CONVERSION = NO;
				GCC_WARN_ABOUT_MISSING_FIELD_INITIALIZERS = YES;
				GCC_WARN_ABOUT_MISSING_NEWLINE = YES;
				GCC_WARN_ABOUT_MISSING_PROTOTYPES = YES;
				GCC_WARN_ABOUT_RETURN_TYPE = YES;
				GCC_WARN_CHECK_SWITCH_STATEMENTS = YES;
				GCC_WARN_INITIALIZER_NOT_FULLY_BRACKETED = NO;
				GCC_WARN_MISSING_PARENTHESES = YES;
				GCC_WARN_MULTIPLE_DEFINITION_TYPES_FOR_SELECTOR = NO;
				GCC_WARN_PEDANTIC = NO;
				GCC_WARN_SHADOW = NO;
				GCC_WARN_SIGN_COMPARE = YES;
				GCC_WARN_STRICT_SELECTOR_MATCH = NO;
				GCC_WARN_UNDECLARED_SELECTOR = NO;
				GCC_WARN_UNUSED_VARIABLE = YES;
				ONLY_ACTIVE_ARCH = YES;
				PREBINDING = NO;
				SDKROOT = macosx10.5;
				STRIP_INSTALLED_PRODUCT = NO;
			};
			name = Debug;
		};
		C01FCF5008A954540054247B /* Release */ = {
			isa = XCBuildConfiguration;
			buildSettings = {
				ARCHS = "$(ARCHS_STANDARD_32_64_BIT)";
				GCC_C_LANGUAGE_STANDARD = c99;
				GCC_WARN_ABOUT_RETURN_TYPE = YES;
				GCC_WARN_UNUSED_VARIABLE = YES;
				PREBINDING = NO;
				SDKROOT = macosx10.5;
			};
			name = Release;
		};
/* End XCBuildConfiguration section */

/* Begin XCConfigurationList section */
		C01FCF4A08A954540054247B /* Build configuration list for PBXNativeTarget "iTetrinet" */ = {
			isa = XCConfigurationList;
			buildConfigurations = (
				C01FCF4B08A954540054247B /* Debug */,
				C01FCF4C08A954540054247B /* Release */,
			);
			defaultConfigurationIsVisible = 0;
			defaultConfigurationName = Release;
		};
		C01FCF4E08A954540054247B /* Build configuration list for PBXProject "iTetrinet" */ = {
			isa = XCConfigurationList;
			buildConfigurations = (
				C01FCF4F08A954540054247B /* Debug */,
				C01FCF5008A954540054247B /* Release */,
			);
			defaultConfigurationIsVisible = 0;
			defaultConfigurationName = Release;
		};
/* End XCConfigurationList section */
	};
	rootObject = 29B97313FDCFA39411CA2CEA /* Project object */;
}
