// !$*UTF8*$!
{
	archiveVersion = 1;
	classes = {
	};
	objectVersion = 45;
	objects = {

/* Begin PBXBuildFile section */
		1DDD58160DA1D0A300B32029 /* MainMenu.xib in Resources */ = {isa = PBXBuildFile; fileRef = 1DDD58140DA1D0A300B32029 /* MainMenu.xib */; };
		6A05EE1010B5A94D0002F86E /* iTetKeyActions.m in Sources */ = {isa = PBXBuildFile; fileRef = 6A05EE0F10B5A94D0002F86E /* iTetKeyActions.m */; };
		6A0B2EA71124B2890065BFA0 /* iTetWinlistEntryTypeImageTransformer.m in Sources */ = {isa = PBXBuildFile; fileRef = 6A0B2EA61124B2890065BFA0 /* iTetWinlistEntryTypeImageTransformer.m */; };
		6A12A26710E4A03400EA67B7 /* gtetblocks.png in Resources */ = {isa = PBXBuildFile; fileRef = 6A12A26410E4A03400EA67B7 /* gtetblocks.png */; };
		6A12A26810E4A03400EA67B7 /* gTetrinetTheme.cfg in Resources */ = {isa = PBXBuildFile; fileRef = 6A12A26510E4A03400EA67B7 /* gTetrinetTheme.cfg */; };
		6A12A26910E4A03400EA67B7 /* iTetBlocks.png in Resources */ = {isa = PBXBuildFile; fileRef = 6A12A26610E4A03400EA67B7 /* iTetBlocks.png */; };
		6A1851A710E7394000A29E0F /* iTetBlocks_White.png in Resources */ = {isa = PBXBuildFile; fileRef = 6A1851A510E7394000A29E0F /* iTetBlocks_White.png */; };
		6A1851A810E7394000A29E0F /* theme_white.cfg in Resources */ = {isa = PBXBuildFile; fileRef = 6A1851A610E7394000A29E0F /* theme_white.cfg */; };
		6A2922AE100BE5CF0008A3C3 /* iTetPreferencesController.m in Sources */ = {isa = PBXBuildFile; fileRef = 6A2922AD100BE5CF0008A3C3 /* iTetPreferencesController.m */; };
		6A29233D100BED350008A3C3 /* iTetNextBlockView.m in Sources */ = {isa = PBXBuildFile; fileRef = 6A29233C100BED350008A3C3 /* iTetNextBlockView.m */; };
		6A2923CF100BFB7A0008A3C3 /* iTetThemedView.m in Sources */ = {isa = PBXBuildFile; fileRef = 6A2923CE100BFB7A0008A3C3 /* iTetThemedView.m */; };
		6A29DC8410BB44040054D353 /* iTetPreferencesViewController.m in Sources */ = {isa = PBXBuildFile; fileRef = 6A29DC8310BB44040054D353 /* iTetPreferencesViewController.m */; };
		6A39FB0F111FB346000373E2 /* iTetTextAttributesController.m in Sources */ = {isa = PBXBuildFile; fileRef = 6A39FB0E111FB346000373E2 /* iTetTextAttributesController.m */; };
		6A3ACC4810B7C49500459D97 /* NSImage+KeyImageCache.m in Sources */ = {isa = PBXBuildFile; fileRef = 6A3ACC4710B7C49500459D97 /* NSImage+KeyImageCache.m */; };
		6A3ACC5510B7C85A00459D97 /* IPSCacheDictionary.m in Sources */ = {isa = PBXBuildFile; fileRef = 6A3ACC5410B7C85A00459D97 /* IPSCacheDictionary.m */; };
		6A4A3760101BB3E000F27DE9 /* iTetChatViewController.m in Sources */ = {isa = PBXBuildFile; fileRef = 6A4A375F101BB3E000F27DE9 /* iTetChatViewController.m */; };
		6A4D9157111269700052BC28 /* iTetLocalPlayer.m in Sources */ = {isa = PBXBuildFile; fileRef = 6A4D9156111269700052BC28 /* iTetLocalPlayer.m */; };
		6A5F2688111CC9AC00DD63DA /* Minus Red Button.png in Resources */ = {isa = PBXBuildFile; fileRef = 6A5F2687111CC9AC00DD63DA /* Minus Red Button.png */; };
		6A6957EA1121214C00B01FB6 /* NSColor+Comparisons.m in Sources */ = {isa = PBXBuildFile; fileRef = 6A6957E91121214C00B01FB6 /* NSColor+Comparisons.m */; };
		6A739808106AB12600F51BF5 /* iTetGameRules.m in Sources */ = {isa = PBXBuildFile; fileRef = 6A739807106AB12600F51BF5 /* iTetGameRules.m */; };
		6A772C4C1020014200AAA2B8 /* iTetThemesArrayController.m in Sources */ = {isa = PBXBuildFile; fileRef = 6A772C4B1020014200AAA2B8 /* iTetThemesArrayController.m */; };
		6A96B56D10098E88003D353E /* iTetBlock+Drawing.m in Sources */ = {isa = PBXBuildFile; fileRef = 6A96B55710098E88003D353E /* iTetBlock+Drawing.m */; };
		6A96B56E10098E88003D353E /* iTetBlock.m in Sources */ = {isa = PBXBuildFile; fileRef = 6A96B55910098E88003D353E /* iTetBlock.m */; };
		6A96B56F10098E88003D353E /* iTetField.m in Sources */ = {isa = PBXBuildFile; fileRef = 6A96B55B10098E88003D353E /* iTetField.m */; };
		6A96B57010098E88003D353E /* iTetFieldView.m in Sources */ = {isa = PBXBuildFile; fileRef = 6A96B55D10098E88003D353E /* iTetFieldView.m */; };
		6A96B57110098E88003D353E /* iTetChannelInfo.m in Sources */ = {isa = PBXBuildFile; fileRef = 6A96B55F10098E88003D353E /* iTetChannelInfo.m */; };
		6A96B57210098E88003D353E /* iTetPlayer.m in Sources */ = {isa = PBXBuildFile; fileRef = 6A96B56110098E88003D353E /* iTetPlayer.m */; };
		6A96B57310098E88003D353E /* iTetServerInfo.m in Sources */ = {isa = PBXBuildFile; fileRef = 6A96B56310098E88003D353E /* iTetServerInfo.m */; };
		6A96B57410098E88003D353E /* iTetSpecialsView.m in Sources */ = {isa = PBXBuildFile; fileRef = 6A96B56610098E88003D353E /* iTetSpecialsView.m */; };
		6A96B57510098E88003D353E /* iTetTheme.m in Sources */ = {isa = PBXBuildFile; fileRef = 6A96B56810098E88003D353E /* iTetTheme.m */; };
		6A96B57610098E88003D353E /* Node.m in Sources */ = {isa = PBXBuildFile; fileRef = 6A96B56A10098E88003D353E /* Node.m */; };
		6A96B57710098E88003D353E /* Queue.m in Sources */ = {isa = PBXBuildFile; fileRef = 6A96B56C10098E88003D353E /* Queue.m */; };
		6A96B57F10098F49003D353E /* iTetAppController.m in Sources */ = {isa = PBXBuildFile; fileRef = 6A96B57E10098F49003D353E /* iTetAppController.m */; };
		6A96B59110098FFD003D353E /* Cancel Red Button.png in Resources */ = {isa = PBXBuildFile; fileRef = 6A96B58A10098FFD003D353E /* Cancel Red Button.png */; };
		6A96B59210098FFD003D353E /* Eject Blue Button.png in Resources */ = {isa = PBXBuildFile; fileRef = 6A96B58B10098FFD003D353E /* Eject Blue Button.png */; };
		6A96B59310098FFD003D353E /* Network.png in Resources */ = {isa = PBXBuildFile; fileRef = 6A96B58C10098FFD003D353E /* Network.png */; };
		6A96B59410098FFD003D353E /* Play Green Button.png in Resources */ = {isa = PBXBuildFile; fileRef = 6A96B58D10098FFD003D353E /* Play Green Button.png */; };
		6A96B59510098FFD003D353E /* Stop Red Button.png in Resources */ = {isa = PBXBuildFile; fileRef = 6A96B58E10098FFD003D353E /* Stop Red Button.png */; };
		6A96B59610098FFD003D353E /* theme.cfg in Resources */ = {isa = PBXBuildFile; fileRef = 6A96B58F10098FFD003D353E /* theme.cfg */; };
		6A96B5FA100992F1003D353E /* iTetNetworkController.m in Sources */ = {isa = PBXBuildFile; fileRef = 6A96B5F9100992F1003D353E /* iTetNetworkController.m */; };
		6AB76D5A101D145000734661 /* iTetGeneralPrefsViewController.m in Sources */ = {isa = PBXBuildFile; fileRef = 6AB76D53101D145000734661 /* iTetGeneralPrefsViewController.m */; };
		6AB76D5B101D145000734661 /* iTetPreferencesWindowController.m in Sources */ = {isa = PBXBuildFile; fileRef = 6AB76D55101D145000734661 /* iTetPreferencesWindowController.m */; };
		6AB76D5C101D145000734661 /* iTetServersViewController.m in Sources */ = {isa = PBXBuildFile; fileRef = 6AB76D57101D145000734661 /* iTetServersViewController.m */; };
		6AB76D5D101D145000734661 /* iTetThemesViewController.m in Sources */ = {isa = PBXBuildFile; fileRef = 6AB76D59101D145000734661 /* iTetThemesViewController.m */; };
		6AB76D6F101D150000734661 /* PreferencesWindow.xib in Resources */ = {isa = PBXBuildFile; fileRef = 6AB76D6E101D150000734661 /* PreferencesWindow.xib */; };
		6AB76DAE101D178800734661 /* GeneralPrefsView.xib in Resources */ = {isa = PBXBuildFile; fileRef = 6AB76DAD101D178800734661 /* GeneralPrefsView.xib */; };
		6AB76DB1101D17AE00734661 /* ThemesPrefsView.xib in Resources */ = {isa = PBXBuildFile; fileRef = 6AB76DB0101D17AE00734661 /* ThemesPrefsView.xib */; };
		6AB76DB7101D17EE00734661 /* ServersPrefsView.xib in Resources */ = {isa = PBXBuildFile; fileRef = 6AB76DB6101D17EE00734661 /* ServersPrefsView.xib */; };
		6AC2397C1044A5D0006D3C83 /* iTetProtocolTransformer.m in Sources */ = {isa = PBXBuildFile; fileRef = 6AC2397B1044A5D0006D3C83 /* iTetProtocolTransformer.m */; };
		6AC7653E10CDB86B005B98E1 /* Pause Blue Button.png in Resources */ = {isa = PBXBuildFile; fileRef = 6AC7653C10CDB86B005B98E1 /* Pause Blue Button.png */; };
		6AC7653F10CDB86B005B98E1 /* Play Blue Button.png in Resources */ = {isa = PBXBuildFile; fileRef = 6AC7653D10CDB86B005B98E1 /* Play Blue Button.png */; };
		6AC96DA9113EE3FC00D915B5 /* iTetLoginMessage.m in Sources */ = {isa = PBXBuildFile; fileRef = 6AC96DA8113EE3FC00D915B5 /* iTetLoginMessage.m */; };
		6AC96DB5113EEEA400D915B5 /* iTetClientInfoMessage.m in Sources */ = {isa = PBXBuildFile; fileRef = 6AC96DB4113EEEA400D915B5 /* iTetClientInfoMessage.m */; };
		6ACA39AE113D88A60026924D /* iTetMessage.m in Sources */ = {isa = PBXBuildFile; fileRef = 6ACA39AD113D88A60026924D /* iTetMessage.m */; };
		6ACC223F107D0CE7006768C0 /* iTetGameViewController.m in Sources */ = {isa = PBXBuildFile; fileRef = 6ACC223E107D0CE7006768C0 /* iTetGameViewController.m */; };
		6ADDDB3B111A86C9004EEE61 /* iTetBlocks_Mono.png in Resources */ = {isa = PBXBuildFile; fileRef = 6ADDDB39111A86C9004EEE61 /* iTetBlocks_Mono.png */; };
		6ADDDB3C111A86C9004EEE61 /* theme_mono.cfg in Resources */ = {isa = PBXBuildFile; fileRef = 6ADDDB3A111A86C9004EEE61 /* theme_mono.cfg */; };
		6AEB7F7C10891D7C00A8BCFD /* iTetKeyView.m in Sources */ = {isa = PBXBuildFile; fileRef = 6AEB7F7B10891D7C00A8BCFD /* iTetKeyView.m */; };
		6AEB7F8010891E4000A8BCFD /* KeyboardPrefsView.xib in Resources */ = {isa = PBXBuildFile; fileRef = 6AEB7F7F10891E4000A8BCFD /* KeyboardPrefsView.xib */; };
		6AEB7F851089218C00A8BCFD /* iTetKeyboardViewController.m in Sources */ = {isa = PBXBuildFile; fileRef = 6AEB7F831089218C00A8BCFD /* iTetKeyboardViewController.m */; };
		6AEDB8BC10A3347C00221E69 /* NSMutableDictionary+KeyBindings.m in Sources */ = {isa = PBXBuildFile; fileRef = 6AEDB8BB10A3347C00221E69 /* NSMutableDictionary+KeyBindings.m */; };
		6AEFEEC011207BE6006A89CA /* iTetWinlistViewController.m in Sources */ = {isa = PBXBuildFile; fileRef = 6AEFEEBF11207BE6006A89CA /* iTetWinlistViewController.m */; };
		6AEFEEC711207D51006A89CA /* iTetWinlistEntry.m in Sources */ = {isa = PBXBuildFile; fileRef = 6AEFEEC611207D51006A89CA /* iTetWinlistEntry.m */; };
		6AF511D6104860DB00D0B020 /* iTetLocalFieldView.m in Sources */ = {isa = PBXBuildFile; fileRef = 6AF511D5104860DB00D0B020 /* iTetLocalFieldView.m */; };
		6AFBE88C10AC6373008336EC /* iTetKeyNamePair.m in Sources */ = {isa = PBXBuildFile; fileRef = 6AFBE88B10AC6373008336EC /* iTetKeyNamePair.m */; };
		6AFCE0F5108771310090F3DF /* iTetSpecials.m in Sources */ = {isa = PBXBuildFile; fileRef = 6AFCE0F4108771310090F3DF /* iTetSpecials.m */; };
		6AFCE0F9108772B10090F3DF /* iTetSpecialNameTransformer.m in Sources */ = {isa = PBXBuildFile; fileRef = 6AFCE0F8108772B10090F3DF /* iTetSpecialNameTransformer.m */; };
		6AFD368F1122598000BE4CAB /* iTetAttributeRangePair.m in Sources */ = {isa = PBXBuildFile; fileRef = 6AFD368E1122598000BE4CAB /* iTetAttributeRangePair.m */; };
		6AFDE349100AA7E900BED4A0 /* NSMutableData+SingleByte.m in Sources */ = {isa = PBXBuildFile; fileRef = 6AFDE348100AA7E900BED4A0 /* NSMutableData+SingleByte.m */; };
		8D11072B0486CEB800E47090 /* InfoPlist.strings in Resources */ = {isa = PBXBuildFile; fileRef = 089C165CFE840E0CC02AAC07 /* InfoPlist.strings */; };
		8D11072D0486CEB800E47090 /* main.m in Sources */ = {isa = PBXBuildFile; fileRef = 29B97316FDCFA39411CA2CEA /* main.m */; settings = {ATTRIBUTES = (); }; };
		8D11072F0486CEB800E47090 /* Cocoa.framework in Frameworks */ = {isa = PBXBuildFile; fileRef = 1058C7A1FEA54F0111CA2CBB /* Cocoa.framework */; };
/* End PBXBuildFile section */

/* Begin PBXFileReference section */
		089C165DFE840E0CC02AAC07 /* English */ = {isa = PBXFileReference; fileEncoding = 10; lastKnownFileType = text.plist.strings; name = English; path = English.lproj/InfoPlist.strings; sourceTree = "<group>"; };
		1058C7A1FEA54F0111CA2CBB /* Cocoa.framework */ = {isa = PBXFileReference; lastKnownFileType = wrapper.framework; name = Cocoa.framework; path = /System/Library/Frameworks/Cocoa.framework; sourceTree = "<absolute>"; };
		13E42FB307B3F0F600E4EEF1 /* CoreData.framework */ = {isa = PBXFileReference; lastKnownFileType = wrapper.framework; name = CoreData.framework; path = /System/Library/Frameworks/CoreData.framework; sourceTree = "<absolute>"; };
		1DDD58150DA1D0A300B32029 /* English */ = {isa = PBXFileReference; lastKnownFileType = file.xib; name = English; path = English.lproj/MainMenu.xib; sourceTree = "<group>"; };
		29B97316FDCFA39411CA2CEA /* main.m */ = {isa = PBXFileReference; fileEncoding = 4; lastKnownFileType = sourcecode.c.objc; path = main.m; sourceTree = "<group>"; };
		29B97324FDCFA39411CA2CEA /* AppKit.framework */ = {isa = PBXFileReference; lastKnownFileType = wrapper.framework; name = AppKit.framework; path = /System/Library/Frameworks/AppKit.framework; sourceTree = "<absolute>"; };
		29B97325FDCFA39411CA2CEA /* Foundation.framework */ = {isa = PBXFileReference; lastKnownFileType = wrapper.framework; name = Foundation.framework; path = /System/Library/Frameworks/Foundation.framework; sourceTree = "<absolute>"; };
		32CA4F630368D1EE00C91783 /* iTetrinet_Prefix.pch */ = {isa = PBXFileReference; fileEncoding = 4; lastKnownFileType = sourcecode.c.h; path = iTetrinet_Prefix.pch; sourceTree = "<group>"; };
		6A05EE0E10B5A94D0002F86E /* iTetKeyActions.h */ = {isa = PBXFileReference; fileEncoding = 4; lastKnownFileType = sourcecode.c.h; path = iTetKeyActions.h; sourceTree = "<group>"; };
		6A05EE0F10B5A94D0002F86E /* iTetKeyActions.m */ = {isa = PBXFileReference; fileEncoding = 4; lastKnownFileType = sourcecode.c.objc; path = iTetKeyActions.m; sourceTree = "<group>"; };
		6A0B2EA51124B2890065BFA0 /* iTetWinlistEntryTypeImageTransformer.h */ = {isa = PBXFileReference; fileEncoding = 4; lastKnownFileType = sourcecode.c.h; path = iTetWinlistEntryTypeImageTransformer.h; sourceTree = "<group>"; };
		6A0B2EA61124B2890065BFA0 /* iTetWinlistEntryTypeImageTransformer.m */ = {isa = PBXFileReference; fileEncoding = 4; lastKnownFileType = sourcecode.c.objc; path = iTetWinlistEntryTypeImageTransformer.m; sourceTree = "<group>"; };
		6A12A26410E4A03400EA67B7 /* gtetblocks.png */ = {isa = PBXFileReference; lastKnownFileType = image.png; path = gtetblocks.png; sourceTree = "<group>"; };
		6A12A26510E4A03400EA67B7 /* gTetrinetTheme.cfg */ = {isa = PBXFileReference; fileEncoding = 4; lastKnownFileType = text; path = gTetrinetTheme.cfg; sourceTree = "<group>"; };
		6A12A26610E4A03400EA67B7 /* iTetBlocks.png */ = {isa = PBXFileReference; lastKnownFileType = image.png; path = iTetBlocks.png; sourceTree = "<group>"; };
		6A1851A510E7394000A29E0F /* iTetBlocks_White.png */ = {isa = PBXFileReference; lastKnownFileType = image.png; path = iTetBlocks_White.png; sourceTree = "<group>"; };
		6A1851A610E7394000A29E0F /* theme_white.cfg */ = {isa = PBXFileReference; fileEncoding = 4; lastKnownFileType = text; path = theme_white.cfg; sourceTree = "<group>"; };
		6A2922AC100BE5CF0008A3C3 /* iTetPreferencesController.h */ = {isa = PBXFileReference; fileEncoding = 4; lastKnownFileType = sourcecode.c.h; path = iTetPreferencesController.h; sourceTree = "<group>"; };
		6A2922AD100BE5CF0008A3C3 /* iTetPreferencesController.m */ = {isa = PBXFileReference; fileEncoding = 4; lastKnownFileType = sourcecode.c.objc; path = iTetPreferencesController.m; sourceTree = "<group>"; };
		6A29233B100BED350008A3C3 /* iTetNextBlockView.h */ = {isa = PBXFileReference; fileEncoding = 4; lastKnownFileType = sourcecode.c.h; path = iTetNextBlockView.h; sourceTree = "<group>"; };
		6A29233C100BED350008A3C3 /* iTetNextBlockView.m */ = {isa = PBXFileReference; fileEncoding = 4; lastKnownFileType = sourcecode.c.objc; path = iTetNextBlockView.m; sourceTree = "<group>"; };
		6A2923CD100BFB7A0008A3C3 /* iTetThemedView.h */ = {isa = PBXFileReference; fileEncoding = 4; lastKnownFileType = sourcecode.c.h; path = iTetThemedView.h; sourceTree = "<group>"; };
		6A2923CE100BFB7A0008A3C3 /* iTetThemedView.m */ = {isa = PBXFileReference; fileEncoding = 4; lastKnownFileType = sourcecode.c.objc; path = iTetThemedView.m; sourceTree = "<group>"; };
		6A29DC8210BB44040054D353 /* iTetPreferencesViewController.h */ = {isa = PBXFileReference; fileEncoding = 4; lastKnownFileType = sourcecode.c.h; path = iTetPreferencesViewController.h; sourceTree = "<group>"; };
		6A29DC8310BB44040054D353 /* iTetPreferencesViewController.m */ = {isa = PBXFileReference; fileEncoding = 4; lastKnownFileType = sourcecode.c.objc; path = iTetPreferencesViewController.m; sourceTree = "<group>"; };
		6A39FB0D111FB346000373E2 /* iTetTextAttributesController.h */ = {isa = PBXFileReference; fileEncoding = 4; lastKnownFileType = sourcecode.c.h; path = iTetTextAttributesController.h; sourceTree = "<group>"; };
		6A39FB0E111FB346000373E2 /* iTetTextAttributesController.m */ = {isa = PBXFileReference; fileEncoding = 4; lastKnownFileType = sourcecode.c.objc; path = iTetTextAttributesController.m; sourceTree = "<group>"; };
		6A3ACC4610B7C49500459D97 /* NSImage+KeyImageCache.h */ = {isa = PBXFileReference; fileEncoding = 4; lastKnownFileType = sourcecode.c.h; path = "NSImage+KeyImageCache.h"; sourceTree = "<group>"; };
		6A3ACC4710B7C49500459D97 /* NSImage+KeyImageCache.m */ = {isa = PBXFileReference; fileEncoding = 4; lastKnownFileType = sourcecode.c.objc; path = "NSImage+KeyImageCache.m"; sourceTree = "<group>"; };
		6A3ACC5310B7C85A00459D97 /* IPSCacheDictionary.h */ = {isa = PBXFileReference; fileEncoding = 4; lastKnownFileType = sourcecode.c.h; path = IPSCacheDictionary.h; sourceTree = "<group>"; };
		6A3ACC5410B7C85A00459D97 /* IPSCacheDictionary.m */ = {isa = PBXFileReference; fileEncoding = 4; lastKnownFileType = sourcecode.c.objc; path = IPSCacheDictionary.m; sourceTree = "<group>"; };
		6A4A375E101BB3E000F27DE9 /* iTetChatViewController.h */ = {isa = PBXFileReference; fileEncoding = 4; lastKnownFileType = sourcecode.c.h; path = iTetChatViewController.h; sourceTree = "<group>"; };
		6A4A375F101BB3E000F27DE9 /* iTetChatViewController.m */ = {isa = PBXFileReference; fileEncoding = 4; lastKnownFileType = sourcecode.c.objc; path = iTetChatViewController.m; sourceTree = "<group>"; };
		6A4D9155111269700052BC28 /* iTetLocalPlayer.h */ = {isa = PBXFileReference; fileEncoding = 4; lastKnownFileType = sourcecode.c.h; path = iTetLocalPlayer.h; sourceTree = "<group>"; };
		6A4D9156111269700052BC28 /* iTetLocalPlayer.m */ = {isa = PBXFileReference; fileEncoding = 4; lastKnownFileType = sourcecode.c.objc; path = iTetLocalPlayer.m; sourceTree = "<group>"; };
		6A5F2687111CC9AC00DD63DA /* Minus Red Button.png */ = {isa = PBXFileReference; lastKnownFileType = image.png; path = "Minus Red Button.png"; sourceTree = "<group>"; };
		6A6957E81121214C00B01FB6 /* NSColor+Comparisons.h */ = {isa = PBXFileReference; fileEncoding = 4; lastKnownFileType = sourcecode.c.h; path = "NSColor+Comparisons.h"; sourceTree = "<group>"; };
		6A6957E91121214C00B01FB6 /* NSColor+Comparisons.m */ = {isa = PBXFileReference; fileEncoding = 4; lastKnownFileType = sourcecode.c.objc; path = "NSColor+Comparisons.m"; sourceTree = "<group>"; };
		6A739806106AB12600F51BF5 /* iTetGameRules.h */ = {isa = PBXFileReference; fileEncoding = 4; lastKnownFileType = sourcecode.c.h; path = iTetGameRules.h; sourceTree = "<group>"; };
		6A739807106AB12600F51BF5 /* iTetGameRules.m */ = {isa = PBXFileReference; fileEncoding = 4; lastKnownFileType = sourcecode.c.objc; path = iTetGameRules.m; sourceTree = "<group>"; };
		6A772C4A1020014200AAA2B8 /* iTetThemesArrayController.h */ = {isa = PBXFileReference; fileEncoding = 4; lastKnownFileType = sourcecode.c.h; path = iTetThemesArrayController.h; sourceTree = "<group>"; };
		6A772C4B1020014200AAA2B8 /* iTetThemesArrayController.m */ = {isa = PBXFileReference; fileEncoding = 4; lastKnownFileType = sourcecode.c.objc; path = iTetThemesArrayController.m; sourceTree = "<group>"; };
		6A96B55610098E88003D353E /* iTetBlock+Drawing.h */ = {isa = PBXFileReference; fileEncoding = 4; lastKnownFileType = sourcecode.c.h; path = "iTetBlock+Drawing.h"; sourceTree = "<group>"; };
		6A96B55710098E88003D353E /* iTetBlock+Drawing.m */ = {isa = PBXFileReference; fileEncoding = 4; lastKnownFileType = sourcecode.c.objc; path = "iTetBlock+Drawing.m"; sourceTree = "<group>"; };
		6A96B55810098E88003D353E /* iTetBlock.h */ = {isa = PBXFileReference; fileEncoding = 4; lastKnownFileType = sourcecode.c.h; path = iTetBlock.h; sourceTree = "<group>"; };
		6A96B55910098E88003D353E /* iTetBlock.m */ = {isa = PBXFileReference; fileEncoding = 4; lastKnownFileType = sourcecode.c.objc; path = iTetBlock.m; sourceTree = "<group>"; };
		6A96B55A10098E88003D353E /* iTetField.h */ = {isa = PBXFileReference; fileEncoding = 4; lastKnownFileType = sourcecode.c.h; path = iTetField.h; sourceTree = "<group>"; };
		6A96B55B10098E88003D353E /* iTetField.m */ = {isa = PBXFileReference; fileEncoding = 4; lastKnownFileType = sourcecode.c.objc; path = iTetField.m; sourceTree = "<group>"; };
		6A96B55C10098E88003D353E /* iTetFieldView.h */ = {isa = PBXFileReference; fileEncoding = 4; lastKnownFileType = sourcecode.c.h; path = iTetFieldView.h; sourceTree = "<group>"; };
		6A96B55D10098E88003D353E /* iTetFieldView.m */ = {isa = PBXFileReference; fileEncoding = 4; lastKnownFileType = sourcecode.c.objc; path = iTetFieldView.m; sourceTree = "<group>"; };
		6A96B55E10098E88003D353E /* iTetChannelInfo.h */ = {isa = PBXFileReference; fileEncoding = 4; lastKnownFileType = sourcecode.c.h; path = iTetChannelInfo.h; sourceTree = "<group>"; };
		6A96B55F10098E88003D353E /* iTetChannelInfo.m */ = {isa = PBXFileReference; fileEncoding = 4; lastKnownFileType = sourcecode.c.objc; path = iTetChannelInfo.m; sourceTree = "<group>"; };
		6A96B56010098E88003D353E /* iTetPlayer.h */ = {isa = PBXFileReference; fileEncoding = 4; lastKnownFileType = sourcecode.c.h; path = iTetPlayer.h; sourceTree = "<group>"; };
		6A96B56110098E88003D353E /* iTetPlayer.m */ = {isa = PBXFileReference; fileEncoding = 4; lastKnownFileType = sourcecode.c.objc; path = iTetPlayer.m; sourceTree = "<group>"; };
		6A96B56210098E88003D353E /* iTetServerInfo.h */ = {isa = PBXFileReference; fileEncoding = 4; lastKnownFileType = sourcecode.c.h; path = iTetServerInfo.h; sourceTree = "<group>"; };
		6A96B56310098E88003D353E /* iTetServerInfo.m */ = {isa = PBXFileReference; fileEncoding = 4; lastKnownFileType = sourcecode.c.objc; path = iTetServerInfo.m; sourceTree = "<group>"; };
		6A96B56410098E88003D353E /* iTetSpecials.h */ = {isa = PBXFileReference; fileEncoding = 4; lastKnownFileType = sourcecode.c.h; path = iTetSpecials.h; sourceTree = "<group>"; };
		6A96B56510098E88003D353E /* iTetSpecialsView.h */ = {isa = PBXFileReference; fileEncoding = 4; lastKnownFileType = sourcecode.c.h; path = iTetSpecialsView.h; sourceTree = "<group>"; };
		6A96B56610098E88003D353E /* iTetSpecialsView.m */ = {isa = PBXFileReference; fileEncoding = 4; lastKnownFileType = sourcecode.c.objc; path = iTetSpecialsView.m; sourceTree = "<group>"; };
		6A96B56710098E88003D353E /* iTetTheme.h */ = {isa = PBXFileReference; fileEncoding = 4; lastKnownFileType = sourcecode.c.h; path = iTetTheme.h; sourceTree = "<group>"; };
		6A96B56810098E88003D353E /* iTetTheme.m */ = {isa = PBXFileReference; fileEncoding = 4; lastKnownFileType = sourcecode.c.objc; path = iTetTheme.m; sourceTree = "<group>"; };
		6A96B56910098E88003D353E /* Node.h */ = {isa = PBXFileReference; fileEncoding = 4; lastKnownFileType = sourcecode.c.h; path = Node.h; sourceTree = "<group>"; };
		6A96B56A10098E88003D353E /* Node.m */ = {isa = PBXFileReference; fileEncoding = 4; lastKnownFileType = sourcecode.c.objc; path = Node.m; sourceTree = "<group>"; };
		6A96B56B10098E88003D353E /* Queue.h */ = {isa = PBXFileReference; fileEncoding = 4; lastKnownFileType = sourcecode.c.h; path = Queue.h; sourceTree = "<group>"; };
		6A96B56C10098E88003D353E /* Queue.m */ = {isa = PBXFileReference; fileEncoding = 4; lastKnownFileType = sourcecode.c.objc; path = Queue.m; sourceTree = "<group>"; };
		6A96B57D10098F49003D353E /* iTetAppController.h */ = {isa = PBXFileReference; fileEncoding = 4; lastKnownFileType = sourcecode.c.h; path = iTetAppController.h; sourceTree = "<group>"; };
		6A96B57E10098F49003D353E /* iTetAppController.m */ = {isa = PBXFileReference; fileEncoding = 4; lastKnownFileType = sourcecode.c.objc; path = iTetAppController.m; sourceTree = "<group>"; };
		6A96B58A10098FFD003D353E /* Cancel Red Button.png */ = {isa = PBXFileReference; lastKnownFileType = image.png; path = "Cancel Red Button.png"; sourceTree = "<group>"; };
		6A96B58B10098FFD003D353E /* Eject Blue Button.png */ = {isa = PBXFileReference; lastKnownFileType = image.png; path = "Eject Blue Button.png"; sourceTree = "<group>"; };
		6A96B58C10098FFD003D353E /* Network.png */ = {isa = PBXFileReference; lastKnownFileType = image.png; path = Network.png; sourceTree = "<group>"; };
		6A96B58D10098FFD003D353E /* Play Green Button.png */ = {isa = PBXFileReference; lastKnownFileType = image.png; path = "Play Green Button.png"; sourceTree = "<group>"; };
		6A96B58E10098FFD003D353E /* Stop Red Button.png */ = {isa = PBXFileReference; lastKnownFileType = image.png; path = "Stop Red Button.png"; sourceTree = "<group>"; };
		6A96B58F10098FFD003D353E /* theme.cfg */ = {isa = PBXFileReference; fileEncoding = 4; lastKnownFileType = text; path = theme.cfg; sourceTree = "<group>"; };
		6A96B5F8100992F1003D353E /* iTetNetworkController.h */ = {isa = PBXFileReference; fileEncoding = 4; lastKnownFileType = sourcecode.c.h; path = iTetNetworkController.h; sourceTree = "<group>"; };
		6A96B5F9100992F1003D353E /* iTetNetworkController.m */ = {isa = PBXFileReference; fileEncoding = 4; lastKnownFileType = sourcecode.c.objc; path = iTetNetworkController.m; sourceTree = "<group>"; };
		6AB76D52101D145000734661 /* iTetGeneralPrefsViewController.h */ = {isa = PBXFileReference; fileEncoding = 4; lastKnownFileType = sourcecode.c.h; path = iTetGeneralPrefsViewController.h; sourceTree = "<group>"; };
		6AB76D53101D145000734661 /* iTetGeneralPrefsViewController.m */ = {isa = PBXFileReference; fileEncoding = 4; lastKnownFileType = sourcecode.c.objc; path = iTetGeneralPrefsViewController.m; sourceTree = "<group>"; };
		6AB76D54101D145000734661 /* iTetPreferencesWindowController.h */ = {isa = PBXFileReference; fileEncoding = 4; lastKnownFileType = sourcecode.c.h; path = iTetPreferencesWindowController.h; sourceTree = "<group>"; };
		6AB76D55101D145000734661 /* iTetPreferencesWindowController.m */ = {isa = PBXFileReference; fileEncoding = 4; lastKnownFileType = sourcecode.c.objc; path = iTetPreferencesWindowController.m; sourceTree = "<group>"; };
		6AB76D56101D145000734661 /* iTetServersViewController.h */ = {isa = PBXFileReference; fileEncoding = 4; lastKnownFileType = sourcecode.c.h; path = iTetServersViewController.h; sourceTree = "<group>"; };
		6AB76D57101D145000734661 /* iTetServersViewController.m */ = {isa = PBXFileReference; fileEncoding = 4; lastKnownFileType = sourcecode.c.objc; path = iTetServersViewController.m; sourceTree = "<group>"; };
		6AB76D58101D145000734661 /* iTetThemesViewController.h */ = {isa = PBXFileReference; fileEncoding = 4; lastKnownFileType = sourcecode.c.h; path = iTetThemesViewController.h; sourceTree = "<group>"; };
		6AB76D59101D145000734661 /* iTetThemesViewController.m */ = {isa = PBXFileReference; fileEncoding = 4; lastKnownFileType = sourcecode.c.objc; path = iTetThemesViewController.m; sourceTree = "<group>"; };
		6AB76D6E101D150000734661 /* PreferencesWindow.xib */ = {isa = PBXFileReference; lastKnownFileType = file.xib; path = PreferencesWindow.xib; sourceTree = "<group>"; };
		6AB76DAD101D178800734661 /* GeneralPrefsView.xib */ = {isa = PBXFileReference; lastKnownFileType = file.xib; path = GeneralPrefsView.xib; sourceTree = "<group>"; };
		6AB76DB0101D17AE00734661 /* ThemesPrefsView.xib */ = {isa = PBXFileReference; lastKnownFileType = file.xib; path = ThemesPrefsView.xib; sourceTree = "<group>"; };
		6AB76DB6101D17EE00734661 /* ServersPrefsView.xib */ = {isa = PBXFileReference; lastKnownFileType = file.xib; path = ServersPrefsView.xib; sourceTree = "<group>"; };
		6AC2397A1044A5D0006D3C83 /* iTetProtocolTransformer.h */ = {isa = PBXFileReference; fileEncoding = 4; lastKnownFileType = sourcecode.c.h; path = iTetProtocolTransformer.h; sourceTree = "<group>"; };
		6AC2397B1044A5D0006D3C83 /* iTetProtocolTransformer.m */ = {isa = PBXFileReference; fileEncoding = 4; lastKnownFileType = sourcecode.c.objc; path = iTetProtocolTransformer.m; sourceTree = "<group>"; };
		6AC7653C10CDB86B005B98E1 /* Pause Blue Button.png */ = {isa = PBXFileReference; lastKnownFileType = image.png; path = "Pause Blue Button.png"; sourceTree = "<group>"; };
		6AC7653D10CDB86B005B98E1 /* Play Blue Button.png */ = {isa = PBXFileReference; lastKnownFileType = image.png; path = "Play Blue Button.png"; sourceTree = "<group>"; };
		6AC96DA7113EE3FC00D915B5 /* iTetLoginMessage.h */ = {isa = PBXFileReference; fileEncoding = 4; lastKnownFileType = sourcecode.c.h; path = iTetLoginMessage.h; sourceTree = "<group>"; };
		6AC96DA8113EE3FC00D915B5 /* iTetLoginMessage.m */ = {isa = PBXFileReference; fileEncoding = 4; lastKnownFileType = sourcecode.c.objc; path = iTetLoginMessage.m; sourceTree = "<group>"; };
		6AC96DB3113EEEA400D915B5 /* iTetClientInfoMessage.h */ = {isa = PBXFileReference; fileEncoding = 4; lastKnownFileType = sourcecode.c.h; path = iTetClientInfoMessage.h; sourceTree = "<group>"; };
		6AC96DB4113EEEA400D915B5 /* iTetClientInfoMessage.m */ = {isa = PBXFileReference; fileEncoding = 4; lastKnownFileType = sourcecode.c.objc; path = iTetClientInfoMessage.m; sourceTree = "<group>"; };
		6ACA39AC113D88A60026924D /* iTetMessage.h */ = {isa = PBXFileReference; fileEncoding = 4; lastKnownFileType = sourcecode.c.h; path = iTetMessage.h; sourceTree = "<group>"; };
		6ACA39AD113D88A60026924D /* iTetMessage.m */ = {isa = PBXFileReference; fileEncoding = 4; lastKnownFileType = sourcecode.c.objc; path = iTetMessage.m; sourceTree = "<group>"; };
		6ACC223D107D0CE7006768C0 /* iTetGameViewController.h */ = {isa = PBXFileReference; fileEncoding = 4; lastKnownFileType = sourcecode.c.h; path = iTetGameViewController.h; sourceTree = "<group>"; };
		6ACC223E107D0CE7006768C0 /* iTetGameViewController.m */ = {isa = PBXFileReference; fileEncoding = 4; lastKnownFileType = sourcecode.c.objc; path = iTetGameViewController.m; sourceTree = "<group>"; };
		6ADDDB39111A86C9004EEE61 /* iTetBlocks_Mono.png */ = {isa = PBXFileReference; lastKnownFileType = image.png; path = iTetBlocks_Mono.png; sourceTree = "<group>"; };
		6ADDDB3A111A86C9004EEE61 /* theme_mono.cfg */ = {isa = PBXFileReference; fileEncoding = 4; lastKnownFileType = text; path = theme_mono.cfg; sourceTree = "<group>"; };
		6AEB7F7A10891D7C00A8BCFD /* iTetKeyView.h */ = {isa = PBXFileReference; fileEncoding = 4; lastKnownFileType = sourcecode.c.h; path = iTetKeyView.h; sourceTree = "<group>"; };
		6AEB7F7B10891D7C00A8BCFD /* iTetKeyView.m */ = {isa = PBXFileReference; fileEncoding = 4; lastKnownFileType = sourcecode.c.objc; path = iTetKeyView.m; sourceTree = "<group>"; };
		6AEB7F7F10891E4000A8BCFD /* KeyboardPrefsView.xib */ = {isa = PBXFileReference; lastKnownFileType = file.xib; path = KeyboardPrefsView.xib; sourceTree = "<group>"; };
		6AEB7F831089218C00A8BCFD /* iTetKeyboardViewController.m */ = {isa = PBXFileReference; fileEncoding = 4; lastKnownFileType = sourcecode.c.objc; path = iTetKeyboardViewController.m; sourceTree = "<group>"; };
		6AEB7F841089218C00A8BCFD /* iTetKeyboardViewController.h */ = {isa = PBXFileReference; fileEncoding = 4; lastKnownFileType = sourcecode.c.h; path = iTetKeyboardViewController.h; sourceTree = "<group>"; };
		6AEDB8BA10A3347C00221E69 /* NSMutableDictionary+KeyBindings.h */ = {isa = PBXFileReference; fileEncoding = 4; lastKnownFileType = sourcecode.c.h; path = "NSMutableDictionary+KeyBindings.h"; sourceTree = "<group>"; };
		6AEDB8BB10A3347C00221E69 /* NSMutableDictionary+KeyBindings.m */ = {isa = PBXFileReference; fileEncoding = 4; lastKnownFileType = sourcecode.c.objc; path = "NSMutableDictionary+KeyBindings.m"; sourceTree = "<group>"; };
		6AEFEEBE11207BE6006A89CA /* iTetWinlistViewController.h */ = {isa = PBXFileReference; fileEncoding = 4; lastKnownFileType = sourcecode.c.h; path = iTetWinlistViewController.h; sourceTree = "<group>"; };
		6AEFEEBF11207BE6006A89CA /* iTetWinlistViewController.m */ = {isa = PBXFileReference; fileEncoding = 4; lastKnownFileType = sourcecode.c.objc; path = iTetWinlistViewController.m; sourceTree = "<group>"; };
		6AEFEEC511207D51006A89CA /* iTetWinlistEntry.h */ = {isa = PBXFileReference; fileEncoding = 4; lastKnownFileType = sourcecode.c.h; path = iTetWinlistEntry.h; sourceTree = "<group>"; };
		6AEFEEC611207D51006A89CA /* iTetWinlistEntry.m */ = {isa = PBXFileReference; fileEncoding = 4; lastKnownFileType = sourcecode.c.objc; path = iTetWinlistEntry.m; sourceTree = "<group>"; };
		6AF511D4104860DB00D0B020 /* iTetLocalFieldView.h */ = {isa = PBXFileReference; fileEncoding = 4; lastKnownFileType = sourcecode.c.h; path = iTetLocalFieldView.h; sourceTree = "<group>"; };
		6AF511D5104860DB00D0B020 /* iTetLocalFieldView.m */ = {isa = PBXFileReference; fileEncoding = 4; lastKnownFileType = sourcecode.c.objc; path = iTetLocalFieldView.m; sourceTree = "<group>"; };
		6AFBE88A10AC6373008336EC /* iTetKeyNamePair.h */ = {isa = PBXFileReference; fileEncoding = 4; lastKnownFileType = sourcecode.c.h; path = iTetKeyNamePair.h; sourceTree = "<group>"; };
		6AFBE88B10AC6373008336EC /* iTetKeyNamePair.m */ = {isa = PBXFileReference; fileEncoding = 4; lastKnownFileType = sourcecode.c.objc; path = iTetKeyNamePair.m; sourceTree = "<group>"; };
		6AFCE0F4108771310090F3DF /* iTetSpecials.m */ = {isa = PBXFileReference; fileEncoding = 4; lastKnownFileType = sourcecode.c.objc; path = iTetSpecials.m; sourceTree = "<group>"; };
		6AFCE0F7108772B10090F3DF /* iTetSpecialNameTransformer.h */ = {isa = PBXFileReference; fileEncoding = 4; lastKnownFileType = sourcecode.c.h; path = iTetSpecialNameTransformer.h; sourceTree = "<group>"; };
		6AFCE0F8108772B10090F3DF /* iTetSpecialNameTransformer.m */ = {isa = PBXFileReference; fileEncoding = 4; lastKnownFileType = sourcecode.c.objc; path = iTetSpecialNameTransformer.m; sourceTree = "<group>"; };
		6AFD368D1122598000BE4CAB /* iTetAttributeRangePair.h */ = {isa = PBXFileReference; fileEncoding = 4; lastKnownFileType = sourcecode.c.h; path = iTetAttributeRangePair.h; sourceTree = "<group>"; };
		6AFD368E1122598000BE4CAB /* iTetAttributeRangePair.m */ = {isa = PBXFileReference; fileEncoding = 4; lastKnownFileType = sourcecode.c.objc; path = iTetAttributeRangePair.m; sourceTree = "<group>"; };
		6AFDE347100AA7E900BED4A0 /* NSMutableData+SingleByte.h */ = {isa = PBXFileReference; fileEncoding = 4; lastKnownFileType = sourcecode.c.h; path = "NSMutableData+SingleByte.h"; sourceTree = "<group>"; };
		6AFDE348100AA7E900BED4A0 /* NSMutableData+SingleByte.m */ = {isa = PBXFileReference; fileEncoding = 4; lastKnownFileType = sourcecode.c.objc; path = "NSMutableData+SingleByte.m"; sourceTree = "<group>"; };
		8D1107310486CEB800E47090 /* Info.plist */ = {isa = PBXFileReference; fileEncoding = 4; lastKnownFileType = text.plist.xml; path = Info.plist; sourceTree = "<group>"; };
		8D1107320486CEB800E47090 /* iTetrinet.app */ = {isa = PBXFileReference; explicitFileType = wrapper.application; includeInIndex = 0; path = iTetrinet.app; sourceTree = BUILT_PRODUCTS_DIR; };
/* End PBXFileReference section */

/* Begin PBXFrameworksBuildPhase section */
		8D11072E0486CEB800E47090 /* Frameworks */ = {
			isa = PBXFrameworksBuildPhase;
			buildActionMask = 2147483647;
			files = (
				8D11072F0486CEB800E47090 /* Cocoa.framework in Frameworks */,
			);
			runOnlyForDeploymentPostprocessing = 0;
		};
/* End PBXFrameworksBuildPhase section */

/* Begin PBXGroup section */
		080E96DDFE201D6D7F000001 /* Classes */ = {
			isa = PBXGroup;
			children = (
				6A96B57810098E97003D353E /* Model */,
				6A96B57A10098ED8003D353E /* View */,
				6A96B57C10098F29003D353E /* Controller */,
				6AFDE346100AA7C600BED4A0 /* Miscellaneous */,
			);
			name = Classes;
			sourceTree = "<group>";
		};
		1058C7A0FEA54F0111CA2CBB /* Linked Frameworks */ = {
			isa = PBXGroup;
			children = (
				1058C7A1FEA54F0111CA2CBB /* Cocoa.framework */,
			);
			name = "Linked Frameworks";
			sourceTree = "<group>";
		};
		1058C7A2FEA54F0111CA2CBB /* Other Frameworks */ = {
			isa = PBXGroup;
			children = (
				29B97324FDCFA39411CA2CEA /* AppKit.framework */,
				13E42FB307B3F0F600E4EEF1 /* CoreData.framework */,
				29B97325FDCFA39411CA2CEA /* Foundation.framework */,
			);
			name = "Other Frameworks";
			sourceTree = "<group>";
		};
		19C28FACFE9D520D11CA2CBB /* Products */ = {
			isa = PBXGroup;
			children = (
				8D1107320486CEB800E47090 /* iTetrinet.app */,
			);
			name = Products;
			sourceTree = "<group>";
		};
		29B97314FDCFA39411CA2CEA /* iTetrinet */ = {
			isa = PBXGroup;
			children = (
				080E96DDFE201D6D7F000001 /* Classes */,
				29B97315FDCFA39411CA2CEA /* Other Sources */,
				29B97317FDCFA39411CA2CEA /* Resources */,
				29B97323FDCFA39411CA2CEA /* Frameworks */,
				19C28FACFE9D520D11CA2CBB /* Products */,
			);
			name = iTetrinet;
			sourceTree = "<group>";
		};
		29B97315FDCFA39411CA2CEA /* Other Sources */ = {
			isa = PBXGroup;
			children = (
				32CA4F630368D1EE00C91783 /* iTetrinet_Prefix.pch */,
				29B97316FDCFA39411CA2CEA /* main.m */,
			);
			name = "Other Sources";
			sourceTree = "<group>";
		};
		29B97317FDCFA39411CA2CEA /* Resources */ = {
			isa = PBXGroup;
			children = (
				6A96B59710099001003D353E /* Images */,
				6A96B5981009900C003D353E /* Themes */,
				8D1107310486CEB800E47090 /* Info.plist */,
				089C165CFE840E0CC02AAC07 /* InfoPlist.strings */,
				1DDD58140DA1D0A300B32029 /* MainMenu.xib */,
				6AB76D6E101D150000734661 /* PreferencesWindow.xib */,
				6AB76DAD101D178800734661 /* GeneralPrefsView.xib */,
				6AB76DB0101D17AE00734661 /* ThemesPrefsView.xib */,
				6AB76DB6101D17EE00734661 /* ServersPrefsView.xib */,
				6AEB7F7F10891E4000A8BCFD /* KeyboardPrefsView.xib */,
			);
			name = Resources;
			sourceTree = "<group>";
		};
		29B97323FDCFA39411CA2CEA /* Frameworks */ = {
			isa = PBXGroup;
			children = (
				1058C7A0FEA54F0111CA2CBB /* Linked Frameworks */,
				1058C7A2FEA54F0111CA2CBB /* Other Frameworks */,
			);
			name = Frameworks;
			sourceTree = "<group>";
		};
		6A29DC8810BB46130054D353 /* Superclass */ = {
			isa = PBXGroup;
			children = (
				6A29DC8210BB44040054D353 /* iTetPreferencesViewController.h */,
				6A29DC8310BB44040054D353 /* iTetPreferencesViewController.m */,
			);
			name = Superclass;
			sourceTree = "<group>";
		};
		6A3ACC5110B7C7B900459D97 /* NSValueTransformer Subclasses */ = {
			isa = PBXGroup;
			children = (
				6AC2397A1044A5D0006D3C83 /* iTetProtocolTransformer.h */,
				6AC2397B1044A5D0006D3C83 /* iTetProtocolTransformer.m */,
				6AFCE0F7108772B10090F3DF /* iTetSpecialNameTransformer.h */,
				6AFCE0F8108772B10090F3DF /* iTetSpecialNameTransformer.m */,
				6A0B2EA51124B2890065BFA0 /* iTetWinlistEntryTypeImageTransformer.h */,
				6A0B2EA61124B2890065BFA0 /* iTetWinlistEntryTypeImageTransformer.m */,
			);
			name = "NSValueTransformer Subclasses";
			sourceTree = "<group>";
		};
		6A3ACC5210B7C7CC00459D97 /* Key Image Caching */ = {
			isa = PBXGroup;
			children = (
				6A3ACC4610B7C49500459D97 /* NSImage+KeyImageCache.h */,
				6A3ACC4710B7C49500459D97 /* NSImage+KeyImageCache.m */,
				6A3ACC5310B7C85A00459D97 /* IPSCacheDictionary.h */,
				6A3ACC5410B7C85A00459D97 /* IPSCacheDictionary.m */,
			);
			name = "Key Image Caching";
			sourceTree = "<group>";
		};
		6A4A3749101BB32500F27DE9 /* View Controllers */ = {
			isa = PBXGroup;
			children = (
				6A4A375E101BB3E000F27DE9 /* iTetChatViewController.h */,
				6A4A375F101BB3E000F27DE9 /* iTetChatViewController.m */,
				6ACC223D107D0CE7006768C0 /* iTetGameViewController.h */,
				6ACC223E107D0CE7006768C0 /* iTetGameViewController.m */,
				6AEFEEBE11207BE6006A89CA /* iTetWinlistViewController.h */,
				6AEFEEBF11207BE6006A89CA /* iTetWinlistViewController.m */,
				6AB76D51101D141700734661 /* Preferences Window Controllers */,
			);
			name = "View Controllers";
			sourceTree = "<group>";
		};
		6A4D91541112695B0052BC28 /* Players */ = {
			isa = PBXGroup;
			children = (
				6A96B56010098E88003D353E /* iTetPlayer.h */,
				6A96B56110098E88003D353E /* iTetPlayer.m */,
				6A4D9155111269700052BC28 /* iTetLocalPlayer.h */,
				6A4D9156111269700052BC28 /* iTetLocalPlayer.m */,
			);
			name = Players;
			sourceTree = "<group>";
		};
		6A772C491020011F00AAA2B8 /* Array Controllers */ = {
			isa = PBXGroup;
			children = (
				6A772C4A1020014200AAA2B8 /* iTetThemesArrayController.h */,
				6A772C4B1020014200AAA2B8 /* iTetThemesArrayController.m */,
			);
			name = "Array Controllers";
			sourceTree = "<group>";
		};
		6A8B72FB107F9C5A00F82C44 /* Local Player's Views */ = {
			isa = PBXGroup;
			children = (
				6AF511D4104860DB00D0B020 /* iTetLocalFieldView.h */,
				6AF511D5104860DB00D0B020 /* iTetLocalFieldView.m */,
				6A29233B100BED350008A3C3 /* iTetNextBlockView.h */,
				6A29233C100BED350008A3C3 /* iTetNextBlockView.m */,
				6A96B56510098E88003D353E /* iTetSpecialsView.h */,
				6A96B56610098E88003D353E /* iTetSpecialsView.m */,
			);
			name = "Local Player's Views";
			sourceTree = "<group>";
		};
		6A934974100C44D700A7CF51 /* Themed Views */ = {
			isa = PBXGroup;
			children = (
				6A2923CD100BFB7A0008A3C3 /* iTetThemedView.h */,
				6A2923CE100BFB7A0008A3C3 /* iTetThemedView.m */,
				6A96B55C10098E88003D353E /* iTetFieldView.h */,
				6A96B55D10098E88003D353E /* iTetFieldView.m */,
				6A8B72FB107F9C5A00F82C44 /* Local Player's Views */,
			);
			name = "Themed Views";
			sourceTree = "<group>";
		};
		6A96B57810098E97003D353E /* Model */ = {
			isa = PBXGroup;
			children = (
				6ACA39A6113D88890026924D /* Messages */,
				6A4D91541112695B0052BC28 /* Players */,
				6A96B57910098EAC003D353E /* Game Objects */,
				6AFBE88910AC634C008336EC /* Key Bindings */,
				6A96B55E10098E88003D353E /* iTetChannelInfo.h */,
				6A96B55F10098E88003D353E /* iTetChannelInfo.m */,
				6A96B56210098E88003D353E /* iTetServerInfo.h */,
				6A96B56310098E88003D353E /* iTetServerInfo.m */,
				6A96B56710098E88003D353E /* iTetTheme.h */,
				6A96B56810098E88003D353E /* iTetTheme.m */,
				6AEFEEC511207D51006A89CA /* iTetWinlistEntry.h */,
				6AEFEEC611207D51006A89CA /* iTetWinlistEntry.m */,
			);
			name = Model;
			sourceTree = "<group>";
		};
		6A96B57910098EAC003D353E /* Game Objects */ = {
			isa = PBXGroup;
			children = (
				6A739806106AB12600F51BF5 /* iTetGameRules.h */,
				6A739807106AB12600F51BF5 /* iTetGameRules.m */,
				6A96B55A10098E88003D353E /* iTetField.h */,
				6A96B55B10098E88003D353E /* iTetField.m */,
				6A96B55810098E88003D353E /* iTetBlock.h */,
				6A96B55910098E88003D353E /* iTetBlock.m */,
				6A96B56410098E88003D353E /* iTetSpecials.h */,
				6AFCE0F4108771310090F3DF /* iTetSpecials.m */,
			);
			name = "Game Objects";
			sourceTree = "<group>";
		};
		6A96B57A10098ED8003D353E /* View */ = {
			isa = PBXGroup;
			children = (
				6A934974100C44D700A7CF51 /* Themed Views */,
				6A96B55610098E88003D353E /* iTetBlock+Drawing.h */,
				6A96B55710098E88003D353E /* iTetBlock+Drawing.m */,
				6AEB7F7A10891D7C00A8BCFD /* iTetKeyView.h */,
				6AEB7F7B10891D7C00A8BCFD /* iTetKeyView.m */,
			);
			name = View;
			sourceTree = "<group>";
		};
		6A96B57B10098EF9003D353E /* Queue Data Structure */ = {
			isa = PBXGroup;
			children = (
				6A96B56B10098E88003D353E /* Queue.h */,
				6A96B56C10098E88003D353E /* Queue.m */,
				6A96B56910098E88003D353E /* Node.h */,
				6A96B56A10098E88003D353E /* Node.m */,
			);
			name = "Queue Data Structure";
			sourceTree = "<group>";
		};
		6A96B57C10098F29003D353E /* Controller */ = {
			isa = PBXGroup;
			children = (
				6A4A3749101BB32500F27DE9 /* View Controllers */,
				6A96B57D10098F49003D353E /* iTetAppController.h */,
				6A96B57E10098F49003D353E /* iTetAppController.m */,
				6A96B5F8100992F1003D353E /* iTetNetworkController.h */,
				6A96B5F9100992F1003D353E /* iTetNetworkController.m */,
				6A2922AC100BE5CF0008A3C3 /* iTetPreferencesController.h */,
				6A2922AD100BE5CF0008A3C3 /* iTetPreferencesController.m */,
				6A39FB0D111FB346000373E2 /* iTetTextAttributesController.h */,
				6A39FB0E111FB346000373E2 /* iTetTextAttributesController.m */,
			);
			name = Controller;
			sourceTree = "<group>";
		};
		6A96B59710099001003D353E /* Images */ = {
			isa = PBXGroup;
			children = (
				6A96B58C10098FFD003D353E /* Network.png */,
				6A96B58A10098FFD003D353E /* Cancel Red Button.png */,
				6A96B58B10098FFD003D353E /* Eject Blue Button.png */,
				6A96B58D10098FFD003D353E /* Play Green Button.png */,
				6A96B58E10098FFD003D353E /* Stop Red Button.png */,
				6A5F2687111CC9AC00DD63DA /* Minus Red Button.png */,
				6AC7653C10CDB86B005B98E1 /* Pause Blue Button.png */,
				6AC7653D10CDB86B005B98E1 /* Play Blue Button.png */,
			);
			name = Images;
			sourceTree = "<group>";
		};
		6A96B5981009900C003D353E /* Themes */ = {
			isa = PBXGroup;
			children = (
				6A96B58F10098FFD003D353E /* theme.cfg */,
				6A12A26610E4A03400EA67B7 /* iTetBlocks.png */,
				6A1851A610E7394000A29E0F /* theme_white.cfg */,
				6A1851A510E7394000A29E0F /* iTetBlocks_White.png */,
				6ADDDB3A111A86C9004EEE61 /* theme_mono.cfg */,
				6ADDDB39111A86C9004EEE61 /* iTetBlocks_Mono.png */,
				6A12A26510E4A03400EA67B7 /* gTetrinetTheme.cfg */,
				6A12A26410E4A03400EA67B7 /* gtetblocks.png */,
			);
			name = Themes;
			sourceTree = "<group>";
		};
		6AB76D51101D141700734661 /* Preferences Window Controllers */ = {
			isa = PBXGroup;
			children = (
				6AB76D54101D145000734661 /* iTetPreferencesWindowController.h */,
				6AB76D55101D145000734661 /* iTetPreferencesWindowController.m */,
				6AB76D6C101D148C00734661 /* View Controllers */,
				6A772C491020011F00AAA2B8 /* Array Controllers */,
			);
			name = "Preferences Window Controllers";
			sourceTree = "<group>";
		};
		6AB76D6C101D148C00734661 /* View Controllers */ = {
			isa = PBXGroup;
			children = (
				6A29DC8810BB46130054D353 /* Superclass */,
				6AB76D52101D145000734661 /* iTetGeneralPrefsViewController.h */,
				6AB76D53101D145000734661 /* iTetGeneralPrefsViewController.m */,
				6AEB7F841089218C00A8BCFD /* iTetKeyboardViewController.h */,
				6AEB7F831089218C00A8BCFD /* iTetKeyboardViewController.m */,
				6AB76D58101D145000734661 /* iTetThemesViewController.h */,
				6AB76D59101D145000734661 /* iTetThemesViewController.m */,
				6AB76D56101D145000734661 /* iTetServersViewController.h */,
				6AB76D57101D145000734661 /* iTetServersViewController.m */,
			);
			name = "View Controllers";
			sourceTree = "<group>";
		};
		6AC96DB6113EEFBF00D915B5 /* Connection Messages */ = {
			isa = PBXGroup;
			children = (
				6AC96DA7113EE3FC00D915B5 /* iTetLoginMessage.h */,
				6AC96DA8113EE3FC00D915B5 /* iTetLoginMessage.m */,
				6AC96DB3113EEEA400D915B5 /* iTetClientInfoMessage.h */,
				6AC96DB4113EEEA400D915B5 /* iTetClientInfoMessage.m */,
			);
			name = "Connection Messages";
			sourceTree = "<group>";
		};
		6ACA39A6113D88890026924D /* Messages */ = {
			isa = PBXGroup;
			children = (
				6ACA39AF113D8C480026924D /* Superclass */,
				6AC96DB6113EEFBF00D915B5 /* Connection Messages */,
			);
			name = Messages;
			sourceTree = "<group>";
		};
		6ACA39AF113D8C480026924D /* Superclass */ = {
			isa = PBXGroup;
			children = (
				6ACA39AC113D88A60026924D /* iTetMessage.h */,
				6ACA39AD113D88A60026924D /* iTetMessage.m */,
			);
			name = Superclass;
			sourceTree = "<group>";
		};
		6AFBE88910AC634C008336EC /* Key Bindings */ = {
			isa = PBXGroup;
			children = (
				6AFBE88A10AC6373008336EC /* iTetKeyNamePair.h */,
				6AFBE88B10AC6373008336EC /* iTetKeyNamePair.m */,
				6A05EE0E10B5A94D0002F86E /* iTetKeyActions.h */,
				6A05EE0F10B5A94D0002F86E /* iTetKeyActions.m */,
				6AEDB8BA10A3347C00221E69 /* NSMutableDictionary+KeyBindings.h */,
				6AEDB8BB10A3347C00221E69 /* NSMutableDictionary+KeyBindings.m */,
			);
			name = "Key Bindings";
			sourceTree = "<group>";
		};
		6AFDE346100AA7C600BED4A0 /* Miscellaneous */ = {
			isa = PBXGroup;
			children = (
				6A3ACC5210B7C7CC00459D97 /* Key Image Caching */,
				6A3ACC5110B7C7B900459D97 /* NSValueTransformer Subclasses */,
				6A96B57B10098EF9003D353E /* Queue Data Structure */,
				6AFDE347100AA7E900BED4A0 /* NSMutableData+SingleByte.h */,
				6AFDE348100AA7E900BED4A0 /* NSMutableData+SingleByte.m */,
				6A6957E81121214C00B01FB6 /* NSColor+Comparisons.h */,
				6A6957E91121214C00B01FB6 /* NSColor+Comparisons.m */,
				6AFD368D1122598000BE4CAB /* iTetAttributeRangePair.h */,
				6AFD368E1122598000BE4CAB /* iTetAttributeRangePair.m */,
			);
			name = Miscellaneous;
			sourceTree = "<group>";
		};
/* End PBXGroup section */

/* Begin PBXNativeTarget section */
		8D1107260486CEB800E47090 /* iTetrinet */ = {
			isa = PBXNativeTarget;
			buildConfigurationList = C01FCF4A08A954540054247B /* Build configuration list for PBXNativeTarget "iTetrinet" */;
			buildPhases = (
				8D1107290486CEB800E47090 /* Resources */,
				8D11072C0486CEB800E47090 /* Sources */,
				8D11072E0486CEB800E47090 /* Frameworks */,
			);
			buildRules = (
			);
			dependencies = (
			);
			name = iTetrinet;
			productInstallPath = "$(HOME)/Applications";
			productName = iTetrinet;
			productReference = 8D1107320486CEB800E47090 /* iTetrinet.app */;
			productType = "com.apple.product-type.application";
		};
/* End PBXNativeTarget section */

/* Begin PBXProject section */
		29B97313FDCFA39411CA2CEA /* Project object */ = {
			isa = PBXProject;
			buildConfigurationList = C01FCF4E08A954540054247B /* Build configuration list for PBXProject "iTetrinet" */;
			compatibilityVersion = "Xcode 3.1";
			hasScannedForEncodings = 1;
			mainGroup = 29B97314FDCFA39411CA2CEA /* iTetrinet */;
			projectDirPath = "";
			projectRoot = "";
			targets = (
				8D1107260486CEB800E47090 /* iTetrinet */,
			);
		};
/* End PBXProject section */

/* Begin PBXResourcesBuildPhase section */
		8D1107290486CEB800E47090 /* Resources */ = {
			isa = PBXResourcesBuildPhase;
			buildActionMask = 2147483647;
			files = (
				8D11072B0486CEB800E47090 /* InfoPlist.strings in Resources */,
				1DDD58160DA1D0A300B32029 /* MainMenu.xib in Resources */,
				6A96B59110098FFD003D353E /* Cancel Red Button.png in Resources */,
				6A96B59210098FFD003D353E /* Eject Blue Button.png in Resources */,
				6A96B59310098FFD003D353E /* Network.png in Resources */,
				6A96B59410098FFD003D353E /* Play Green Button.png in Resources */,
				6A96B59510098FFD003D353E /* Stop Red Button.png in Resources */,
				6A96B59610098FFD003D353E /* theme.cfg in Resources */,
				6AB76D6F101D150000734661 /* PreferencesWindow.xib in Resources */,
				6AB76DAE101D178800734661 /* GeneralPrefsView.xib in Resources */,
				6AB76DB1101D17AE00734661 /* ThemesPrefsView.xib in Resources */,
				6AB76DB7101D17EE00734661 /* ServersPrefsView.xib in Resources */,
				6AEB7F8010891E4000A8BCFD /* KeyboardPrefsView.xib in Resources */,
				6AC7653E10CDB86B005B98E1 /* Pause Blue Button.png in Resources */,
				6AC7653F10CDB86B005B98E1 /* Play Blue Button.png in Resources */,
				6A12A26710E4A03400EA67B7 /* gtetblocks.png in Resources */,
				6A12A26810E4A03400EA67B7 /* gTetrinetTheme.cfg in Resources */,
				6A12A26910E4A03400EA67B7 /* iTetBlocks.png in Resources */,
				6A1851A710E7394000A29E0F /* iTetBlocks_White.png in Resources */,
				6A1851A810E7394000A29E0F /* theme_white.cfg in Resources */,
				6ADDDB3B111A86C9004EEE61 /* iTetBlocks_Mono.png in Resources */,
				6ADDDB3C111A86C9004EEE61 /* theme_mono.cfg in Resources */,
				6A5F2688111CC9AC00DD63DA /* Minus Red Button.png in Resources */,
			);
			runOnlyForDeploymentPostprocessing = 0;
		};
/* End PBXResourcesBuildPhase section */

/* Begin PBXSourcesBuildPhase section */
		8D11072C0486CEB800E47090 /* Sources */ = {
			isa = PBXSourcesBuildPhase;
			buildActionMask = 2147483647;
			files = (
				8D11072D0486CEB800E47090 /* main.m in Sources */,
				6A96B56D10098E88003D353E /* iTetBlock+Drawing.m in Sources */,
				6A96B56E10098E88003D353E /* iTetBlock.m in Sources */,
				6A96B56F10098E88003D353E /* iTetField.m in Sources */,
				6A96B57010098E88003D353E /* iTetFieldView.m in Sources */,
				6A96B57110098E88003D353E /* iTetChannelInfo.m in Sources */,
				6A96B57210098E88003D353E /* iTetPlayer.m in Sources */,
				6A96B57310098E88003D353E /* iTetServerInfo.m in Sources */,
				6A96B57410098E88003D353E /* iTetSpecialsView.m in Sources */,
				6A96B57510098E88003D353E /* iTetTheme.m in Sources */,
				6A96B57610098E88003D353E /* Node.m in Sources */,
				6A96B57710098E88003D353E /* Queue.m in Sources */,
				6A96B57F10098F49003D353E /* iTetAppController.m in Sources */,
				6A96B5FA100992F1003D353E /* iTetNetworkController.m in Sources */,
				6AFDE349100AA7E900BED4A0 /* NSMutableData+SingleByte.m in Sources */,
				6A2922AE100BE5CF0008A3C3 /* iTetPreferencesController.m in Sources */,
				6A29233D100BED350008A3C3 /* iTetNextBlockView.m in Sources */,
				6A2923CF100BFB7A0008A3C3 /* iTetThemedView.m in Sources */,
				6A4A3760101BB3E000F27DE9 /* iTetChatViewController.m in Sources */,
				6AB76D5A101D145000734661 /* iTetGeneralPrefsViewController.m in Sources */,
				6AB76D5B101D145000734661 /* iTetPreferencesWindowController.m in Sources */,
				6AB76D5C101D145000734661 /* iTetServersViewController.m in Sources */,
				6AB76D5D101D145000734661 /* iTetThemesViewController.m in Sources */,
				6A772C4C1020014200AAA2B8 /* iTetThemesArrayController.m in Sources */,
				6AC2397C1044A5D0006D3C83 /* iTetProtocolTransformer.m in Sources */,
				6AF511D6104860DB00D0B020 /* iTetLocalFieldView.m in Sources */,
				6A739808106AB12600F51BF5 /* iTetGameRules.m in Sources */,
				6ACC223F107D0CE7006768C0 /* iTetGameViewController.m in Sources */,
				6AFCE0F5108771310090F3DF /* iTetSpecials.m in Sources */,
				6AFCE0F9108772B10090F3DF /* iTetSpecialNameTransformer.m in Sources */,
				6AEB7F7C10891D7C00A8BCFD /* iTetKeyView.m in Sources */,
				6AEB7F851089218C00A8BCFD /* iTetKeyboardViewController.m in Sources */,
				6AEDB8BC10A3347C00221E69 /* NSMutableDictionary+KeyBindings.m in Sources */,
				6AFBE88C10AC6373008336EC /* iTetKeyNamePair.m in Sources */,
				6A05EE1010B5A94D0002F86E /* iTetKeyActions.m in Sources */,
				6A3ACC4810B7C49500459D97 /* NSImage+KeyImageCache.m in Sources */,
				6A3ACC5510B7C85A00459D97 /* IPSCacheDictionary.m in Sources */,
				6A29DC8410BB44040054D353 /* iTetPreferencesViewController.m in Sources */,
				6A4D9157111269700052BC28 /* iTetLocalPlayer.m in Sources */,
				6A39FB0F111FB346000373E2 /* iTetTextAttributesController.m in Sources */,
				6AEFEEC011207BE6006A89CA /* iTetWinlistViewController.m in Sources */,
				6AEFEEC711207D51006A89CA /* iTetWinlistEntry.m in Sources */,
				6A6957EA1121214C00B01FB6 /* NSColor+Comparisons.m in Sources */,
				6AFD368F1122598000BE4CAB /* iTetAttributeRangePair.m in Sources */,
				6A0B2EA71124B2890065BFA0 /* iTetWinlistEntryTypeImageTransformer.m in Sources */,
				6ACA39AE113D88A60026924D /* iTetMessage.m in Sources */,
				6AC96DA9113EE3FC00D915B5 /* iTetLoginMessage.m in Sources */,
				6AC96DB5113EEEA400D915B5 /* iTetClientInfoMessage.m in Sources */,
			);
			runOnlyForDeploymentPostprocessing = 0;
		};
/* End PBXSourcesBuildPhase section */

/* Begin PBXVariantGroup section */
		089C165CFE840E0CC02AAC07 /* InfoPlist.strings */ = {
			isa = PBXVariantGroup;
			children = (
				089C165DFE840E0CC02AAC07 /* English */,
			);
			name = InfoPlist.strings;
			sourceTree = "<group>";
		};
		1DDD58140DA1D0A300B32029 /* MainMenu.xib */ = {
			isa = PBXVariantGroup;
			children = (
				1DDD58150DA1D0A300B32029 /* English */,
			);
			name = MainMenu.xib;
			sourceTree = "<group>";
		};
/* End PBXVariantGroup section */

/* Begin XCBuildConfiguration section */
		C01FCF4B08A954540054247B /* Debug */ = {
			isa = XCBuildConfiguration;
			buildSettings = {
				ALWAYS_SEARCH_USER_PATHS = NO;
				ARCHS = "$(ARCHS_STANDARD_32_64_BIT)";
				COPY_PHASE_STRIP = NO;
				GCC_DYNAMIC_NO_PIC = NO;
				GCC_ENABLE_FIX_AND_CONTINUE = NO;
				GCC_MODEL_TUNING = G5;
				GCC_OPTIMIZATION_LEVEL = 0;
				GCC_PRECOMPILE_PREFIX_HEADER = YES;
				GCC_PREFIX_HEADER = iTetrinet_Prefix.pch;
				GCC_VERSION = "";
				INFOPLIST_FILE = Info.plist;
				INSTALL_PATH = "$(HOME)/Applications";
				ONLY_ACTIVE_ARCH = NO;
				PRODUCT_NAME = iTetrinet;
				RUN_CLANG_STATIC_ANALYZER = NO;
			};
			name = Debug;
		};
		C01FCF4C08A954540054247B /* Release */ = {
			isa = XCBuildConfiguration;
			buildSettings = {
				ALWAYS_SEARCH_USER_PATHS = NO;
				ARCHS = "$(ARCHS_STANDARD_32_64_BIT)";
				DEBUG_INFORMATION_FORMAT = "dwarf-with-dsym";
				GCC_MODEL_TUNING = G5;
				GCC_PRECOMPILE_PREFIX_HEADER = YES;
				GCC_PREFIX_HEADER = iTetrinet_Prefix.pch;
				INFOPLIST_FILE = Info.plist;
				INSTALL_PATH = "$(HOME)/Applications";
				ONLY_ACTIVE_ARCH = NO;
				PRODUCT_NAME = iTetrinet;
				RUN_CLANG_STATIC_ANALYZER = NO;
			};
			name = Release;
		};
		C01FCF4F08A954540054247B /* Debug */ = {
			isa = XCBuildConfiguration;
			buildSettings = {
				ARCHS = "$(NATIVE_ARCH_ACTUAL)";
				COPY_PHASE_STRIP = YES;
				GCC_C_LANGUAGE_STANDARD = c99;
				GCC_OPTIMIZATION_LEVEL = 0;
				GCC_VERSION = "";
				GCC_WARN_ABOUT_MISSING_FIELD_INITIALIZERS = YES;
				GCC_WARN_ABOUT_RETURN_TYPE = YES;
				GCC_WARN_CHECK_SWITCH_STATEMENTS = YES;
				GCC_WARN_MISSING_PARENTHESES = YES;
				GCC_WARN_MULTIPLE_DEFINITION_TYPES_FOR_SELECTOR = NO;
				GCC_WARN_SIGN_COMPARE = YES;
				GCC_WARN_UNUSED_VARIABLE = YES;
				ONLY_ACTIVE_ARCH = YES;
				PREBINDING = NO;
				SDKROOT = macosx10.5;
			};
			name = Debug;
		};
		C01FCF5008A954540054247B /* Release */ = {
			isa = XCBuildConfiguration;
			buildSettings = {
				ARCHS = "$(ARCHS_STANDARD_32_64_BIT)";
				GCC_C_LANGUAGE_STANDARD = c99;
				GCC_WARN_ABOUT_RETURN_TYPE = YES;
				GCC_WARN_UNUSED_VARIABLE = YES;
				PREBINDING = NO;
				SDKROOT = macosx10.5;
			};
			name = Release;
		};
/* End XCBuildConfiguration section */

/* Begin XCConfigurationList section */
		C01FCF4A08A954540054247B /* Build configuration list for PBXNativeTarget "iTetrinet" */ = {
			isa = XCConfigurationList;
			buildConfigurations = (
				C01FCF4B08A954540054247B /* Debug */,
				C01FCF4C08A954540054247B /* Release */,
			);
			defaultConfigurationIsVisible = 0;
			defaultConfigurationName = Release;
		};
		C01FCF4E08A954540054247B /* Build configuration list for PBXProject "iTetrinet" */ = {
			isa = XCConfigurationList;
			buildConfigurations = (
				C01FCF4F08A954540054247B /* Debug */,
				C01FCF5008A954540054247B /* Release */,
			);
			defaultConfigurationIsVisible = 0;
			defaultConfigurationName = Release;
		};
/* End XCConfigurationList section */
	};
	rootObject = 29B97313FDCFA39411CA2CEA /* Project object */;
}
